# THIS IS AN AUTOGENERATED FILE. DO NOT EDIT THIS FILE DIRECTLY.
# yarn lockfile v1


"@babel/code-frame@7.0.0-beta.38":
  version "7.0.0-beta.38"
  resolved "https://registry.npmjs.org/@babel/code-frame/-/code-frame-7.0.0-beta.38.tgz#c0af5930617e55e050336838e3a3670983b0b2b2"
  dependencies:
    chalk "^2.0.0"
    esutils "^2.0.2"
    js-tokens "^3.0.0"

"@babel/generator@7.0.0-beta.38":
  version "7.0.0-beta.38"
  resolved "https://registry.npmjs.org/@babel/generator/-/generator-7.0.0-beta.38.tgz#6115a66663e3adfd1d6844029ffb2354680182eb"
  dependencies:
    "@babel/types" "7.0.0-beta.38"
    jsesc "^2.5.1"
    lodash "^4.2.0"
    source-map "^0.5.0"
    trim-right "^1.0.1"

"@babel/helper-annotate-as-pure@7.0.0-beta.38":
  version "7.0.0-beta.38"
  resolved "https://registry.npmjs.org/@babel/helper-annotate-as-pure/-/helper-annotate-as-pure-7.0.0-beta.38.tgz#888cf28a1b9094d670dbdb1be1ec550b40c2dd9c"
  dependencies:
    "@babel/types" "7.0.0-beta.38"

"@babel/helper-function-name@7.0.0-beta.38":
  version "7.0.0-beta.38"
  resolved "https://registry.npmjs.org/@babel/helper-function-name/-/helper-function-name-7.0.0-beta.38.tgz#dc6e74930efc7b0236b5ba72a633d34c778ba015"
  dependencies:
    "@babel/helper-get-function-arity" "7.0.0-beta.38"
    "@babel/template" "7.0.0-beta.38"
    "@babel/types" "7.0.0-beta.38"

"@babel/helper-get-function-arity@7.0.0-beta.38":
  version "7.0.0-beta.38"
  resolved "https://registry.npmjs.org/@babel/helper-get-function-arity/-/helper-get-function-arity-7.0.0-beta.38.tgz#5c27de7641ac31da6e947dcc8009bd31282d9d84"
  dependencies:
    "@babel/types" "7.0.0-beta.38"

"@babel/helper-regex@7.0.0-beta.38":
  version "7.0.0-beta.38"
  resolved "https://registry.npmjs.org/@babel/helper-regex/-/helper-regex-7.0.0-beta.38.tgz#3d6ff2bf9d2d1fc6e03cf7f1ec962a7f76fd5cd0"
  dependencies:
    lodash "^4.2.0"

"@babel/helper-remap-async-to-generator@7.0.0-beta.38":
  version "7.0.0-beta.38"
  resolved "https://registry.npmjs.org/@babel/helper-remap-async-to-generator/-/helper-remap-async-to-generator-7.0.0-beta.38.tgz#6e21e1520342d5567db08a033c313cfa7c846a20"
  dependencies:
    "@babel/helper-annotate-as-pure" "7.0.0-beta.38"
    "@babel/helper-wrap-function" "7.0.0-beta.38"
    "@babel/template" "7.0.0-beta.38"
    "@babel/traverse" "7.0.0-beta.38"
    "@babel/types" "7.0.0-beta.38"

"@babel/helper-wrap-function@7.0.0-beta.38":
  version "7.0.0-beta.38"
  resolved "https://registry.npmjs.org/@babel/helper-wrap-function/-/helper-wrap-function-7.0.0-beta.38.tgz#91605a09a193cf6939489f7fc066a353876ee506"
  dependencies:
    "@babel/helper-function-name" "7.0.0-beta.38"
    "@babel/template" "7.0.0-beta.38"
    "@babel/traverse" "7.0.0-beta.38"
    "@babel/types" "7.0.0-beta.38"

"@babel/plugin-proposal-async-generator-functions@7.0.0-beta.38":
  version "7.0.0-beta.38"
  resolved "https://registry.npmjs.org/@babel/plugin-proposal-async-generator-functions/-/plugin-proposal-async-generator-functions-7.0.0-beta.38.tgz#47d5a95698f7b55d8a73aade719c0c5c3e340896"
  dependencies:
    "@babel/helper-remap-async-to-generator" "7.0.0-beta.38"
    "@babel/plugin-syntax-async-generators" "7.0.0-beta.38"

"@babel/plugin-proposal-class-properties@7.0.0-beta.38":
  version "7.0.0-beta.38"
  resolved "https://registry.npmjs.org/@babel/plugin-proposal-class-properties/-/plugin-proposal-class-properties-7.0.0-beta.38.tgz#3cfa2fdedf7017ee14472d6859c3fb98654c0f22"
  dependencies:
    "@babel/helper-function-name" "7.0.0-beta.38"
    "@babel/plugin-syntax-class-properties" "7.0.0-beta.38"

"@babel/plugin-proposal-decorators@7.0.0-beta.38":
  version "7.0.0-beta.38"
  resolved "https://registry.npmjs.org/@babel/plugin-proposal-decorators/-/plugin-proposal-decorators-7.0.0-beta.38.tgz#888903d395d902b763c4833e2bbf2f3d67e8155b"
  dependencies:
    "@babel/plugin-syntax-decorators" "7.0.0-beta.38"

"@babel/plugin-proposal-do-expressions@7.0.0-beta.38":
  version "7.0.0-beta.38"
  resolved "https://registry.npmjs.org/@babel/plugin-proposal-do-expressions/-/plugin-proposal-do-expressions-7.0.0-beta.38.tgz#c63214b2a1e1196026643bf5cd5dfc08df68789b"
  dependencies:
    "@babel/plugin-syntax-do-expressions" "7.0.0-beta.38"

"@babel/plugin-proposal-export-default-from@7.0.0-beta.38":
  version "7.0.0-beta.38"
  resolved "https://registry.npmjs.org/@babel/plugin-proposal-export-default-from/-/plugin-proposal-export-default-from-7.0.0-beta.38.tgz#5d89848a036a9098a9c825e776110f19c4141dd4"
  dependencies:
    "@babel/plugin-syntax-export-default-from" "7.0.0-beta.38"

"@babel/plugin-proposal-export-namespace-from@7.0.0-beta.38":
  version "7.0.0-beta.38"
  resolved "https://registry.npmjs.org/@babel/plugin-proposal-export-namespace-from/-/plugin-proposal-export-namespace-from-7.0.0-beta.38.tgz#c53ccce30677c2576c2cbb0ded5c10a2e95e437b"
  dependencies:
    "@babel/plugin-syntax-export-namespace-from" "7.0.0-beta.38"

"@babel/plugin-proposal-function-bind@7.0.0-beta.38":
  version "7.0.0-beta.38"
  resolved "https://registry.npmjs.org/@babel/plugin-proposal-function-bind/-/plugin-proposal-function-bind-7.0.0-beta.38.tgz#ea4fe240dbfcd126e24524222bacd38ded1b8840"
  dependencies:
    "@babel/plugin-syntax-function-bind" "7.0.0-beta.38"

"@babel/plugin-proposal-function-sent@7.0.0-beta.38":
  version "7.0.0-beta.38"
  resolved "https://registry.npmjs.org/@babel/plugin-proposal-function-sent/-/plugin-proposal-function-sent-7.0.0-beta.38.tgz#dcb65afc888f9caaf8f3f60254fc8521ba701ba9"
  dependencies:
    "@babel/helper-wrap-function" "7.0.0-beta.38"
    "@babel/plugin-syntax-function-sent" "7.0.0-beta.38"

"@babel/plugin-proposal-nullish-coalescing-operator@7.0.0-beta.38":
  version "7.0.0-beta.38"
  resolved "https://registry.npmjs.org/@babel/plugin-proposal-nullish-coalescing-operator/-/plugin-proposal-nullish-coalescing-operator-7.0.0-beta.38.tgz#3b5e7ba0d25537e095d052971e968655186d68b7"
  dependencies:
    "@babel/plugin-syntax-nullish-coalescing-operator" "7.0.0-beta.38"

"@babel/plugin-proposal-numeric-separator@7.0.0-beta.38":
  version "7.0.0-beta.38"
  resolved "https://registry.npmjs.org/@babel/plugin-proposal-numeric-separator/-/plugin-proposal-numeric-separator-7.0.0-beta.38.tgz#eed936e6fabd735aeb6ee59dff0951a4a79c0db6"
  dependencies:
    "@babel/plugin-syntax-numeric-separator" "7.0.0-beta.38"

"@babel/plugin-proposal-object-rest-spread@7.0.0-beta.38":
  version "7.0.0-beta.38"
  resolved "https://registry.npmjs.org/@babel/plugin-proposal-object-rest-spread/-/plugin-proposal-object-rest-spread-7.0.0-beta.38.tgz#4c9bee9cd4d905bf7531a722daf430183282c000"
  dependencies:
    "@babel/plugin-syntax-object-rest-spread" "7.0.0-beta.38"

"@babel/plugin-proposal-optional-catch-binding@7.0.0-beta.38":
  version "7.0.0-beta.38"
  resolved "https://registry.npmjs.org/@babel/plugin-proposal-optional-catch-binding/-/plugin-proposal-optional-catch-binding-7.0.0-beta.38.tgz#9f6b9e8540d374d9a2a17b96243768f2d22d0366"
  dependencies:
    "@babel/plugin-syntax-optional-catch-binding" "7.0.0-beta.38"

"@babel/plugin-proposal-optional-chaining@7.0.0-beta.38":
  version "7.0.0-beta.38"
  resolved "https://registry.npmjs.org/@babel/plugin-proposal-optional-chaining/-/plugin-proposal-optional-chaining-7.0.0-beta.38.tgz#3099750da858b885116e1f98aa097de3175c043f"
  dependencies:
    "@babel/plugin-syntax-optional-chaining" "7.0.0-beta.38"

"@babel/plugin-proposal-pipeline-operator@7.0.0-beta.38":
  version "7.0.0-beta.38"
  resolved "https://registry.npmjs.org/@babel/plugin-proposal-pipeline-operator/-/plugin-proposal-pipeline-operator-7.0.0-beta.38.tgz#1acabf21e23c890e59e78593d53eb86b91efbacd"
  dependencies:
    "@babel/plugin-syntax-pipeline-operator" "7.0.0-beta.38"

"@babel/plugin-proposal-throw-expressions@7.0.0-beta.38":
  version "7.0.0-beta.38"
  resolved "https://registry.npmjs.org/@babel/plugin-proposal-throw-expressions/-/plugin-proposal-throw-expressions-7.0.0-beta.38.tgz#ccd43e7268e45a071acb2ba82e5af3feb35f8cf8"
  dependencies:
    "@babel/plugin-syntax-throw-expressions" "7.0.0-beta.38"

"@babel/plugin-proposal-unicode-property-regex@7.0.0-beta.38":
  version "7.0.0-beta.38"
  resolved "https://registry.npmjs.org/@babel/plugin-proposal-unicode-property-regex/-/plugin-proposal-unicode-property-regex-7.0.0-beta.38.tgz#dde2dbe98ee6cae5bbb8c33097a2cc2566b3ef4e"
  dependencies:
    "@babel/helper-regex" "7.0.0-beta.38"
    regexpu-core "^4.1.3"

"@babel/plugin-syntax-async-generators@7.0.0-beta.38":
  version "7.0.0-beta.38"
  resolved "https://registry.npmjs.org/@babel/plugin-syntax-async-generators/-/plugin-syntax-async-generators-7.0.0-beta.38.tgz#1224bcd4a5052e6e4c0eb95c96bbe9f617a119f4"

"@babel/plugin-syntax-class-properties@7.0.0-beta.38":
  version "7.0.0-beta.38"
  resolved "https://registry.npmjs.org/@babel/plugin-syntax-class-properties/-/plugin-syntax-class-properties-7.0.0-beta.38.tgz#e06a9bf6446611d78dfc71f84cddfe9219fb2829"

"@babel/plugin-syntax-decorators@7.0.0-beta.38":
  version "7.0.0-beta.38"
  resolved "https://registry.npmjs.org/@babel/plugin-syntax-decorators/-/plugin-syntax-decorators-7.0.0-beta.38.tgz#902cdc212cd3a6b10f9b1ed681a7fea0f5c87f65"

"@babel/plugin-syntax-do-expressions@7.0.0-beta.38":
  version "7.0.0-beta.38"
  resolved "https://registry.npmjs.org/@babel/plugin-syntax-do-expressions/-/plugin-syntax-do-expressions-7.0.0-beta.38.tgz#256fb3cdad5b888d018757f6bf3e5a557fb88ead"

"@babel/plugin-syntax-dynamic-import@7.0.0-beta.38":
  version "7.0.0-beta.38"
  resolved "https://registry.npmjs.org/@babel/plugin-syntax-dynamic-import/-/plugin-syntax-dynamic-import-7.0.0-beta.38.tgz#b74bc5d57b4cbe6a341570ea6d7db9ffba450f7b"

"@babel/plugin-syntax-export-default-from@7.0.0-beta.38":
  version "7.0.0-beta.38"
  resolved "https://registry.npmjs.org/@babel/plugin-syntax-export-default-from/-/plugin-syntax-export-default-from-7.0.0-beta.38.tgz#9d7268a0b90e1ccac3e2018e5d8134b597d2c7d4"

"@babel/plugin-syntax-export-namespace-from@7.0.0-beta.38":
  version "7.0.0-beta.38"
  resolved "https://registry.npmjs.org/@babel/plugin-syntax-export-namespace-from/-/plugin-syntax-export-namespace-from-7.0.0-beta.38.tgz#48ef9441928e8a58e8457b779e7660befe1c3e0d"

"@babel/plugin-syntax-function-bind@7.0.0-beta.38":
  version "7.0.0-beta.38"
  resolved "https://registry.npmjs.org/@babel/plugin-syntax-function-bind/-/plugin-syntax-function-bind-7.0.0-beta.38.tgz#67a9d59f734304d036e9bd91b090033a6448630d"

"@babel/plugin-syntax-function-sent@7.0.0-beta.38":
  version "7.0.0-beta.38"
  resolved "https://registry.npmjs.org/@babel/plugin-syntax-function-sent/-/plugin-syntax-function-sent-7.0.0-beta.38.tgz#1380560f6a6e7b2f82bc95a2a5742d66e0f0b46b"

"@babel/plugin-syntax-import-meta@7.0.0-beta.38":
  version "7.0.0-beta.38"
  resolved "https://registry.npmjs.org/@babel/plugin-syntax-import-meta/-/plugin-syntax-import-meta-7.0.0-beta.38.tgz#0da0626a421cc21993326612d7bc92f25a3ab9cf"

"@babel/plugin-syntax-nullish-coalescing-operator@7.0.0-beta.38":
  version "7.0.0-beta.38"
  resolved "https://registry.npmjs.org/@babel/plugin-syntax-nullish-coalescing-operator/-/plugin-syntax-nullish-coalescing-operator-7.0.0-beta.38.tgz#89d6c554d4476a675abb39509b45afbe910f228c"

"@babel/plugin-syntax-numeric-separator@7.0.0-beta.38":
  version "7.0.0-beta.38"
  resolved "https://registry.npmjs.org/@babel/plugin-syntax-numeric-separator/-/plugin-syntax-numeric-separator-7.0.0-beta.38.tgz#fc13dc1050e5784572d3b8f108e4cd63b99174cc"

"@babel/plugin-syntax-object-rest-spread@7.0.0-beta.38":
  version "7.0.0-beta.38"
  resolved "https://registry.npmjs.org/@babel/plugin-syntax-object-rest-spread/-/plugin-syntax-object-rest-spread-7.0.0-beta.38.tgz#a7288d08b5f3a3bf823c76f11118eb43dee74d43"

"@babel/plugin-syntax-optional-catch-binding@7.0.0-beta.38":
  version "7.0.0-beta.38"
  resolved "https://registry.npmjs.org/@babel/plugin-syntax-optional-catch-binding/-/plugin-syntax-optional-catch-binding-7.0.0-beta.38.tgz#99248ece1c5c6111d71182e206682048d93759e4"

"@babel/plugin-syntax-optional-chaining@7.0.0-beta.38":
  version "7.0.0-beta.38"
  resolved "https://registry.npmjs.org/@babel/plugin-syntax-optional-chaining/-/plugin-syntax-optional-chaining-7.0.0-beta.38.tgz#70d26cd1f4a2645984ffdce967c17a342f3286b2"

"@babel/plugin-syntax-pipeline-operator@7.0.0-beta.38":
  version "7.0.0-beta.38"
  resolved "https://registry.npmjs.org/@babel/plugin-syntax-pipeline-operator/-/plugin-syntax-pipeline-operator-7.0.0-beta.38.tgz#f01a4ce1f1ae3a3ee14433ea37f44aa7c321d247"

"@babel/plugin-syntax-throw-expressions@7.0.0-beta.38":
  version "7.0.0-beta.38"
  resolved "https://registry.npmjs.org/@babel/plugin-syntax-throw-expressions/-/plugin-syntax-throw-expressions-7.0.0-beta.38.tgz#3a56f26edfd7a64b023510f1e46f46f9fda6029e"

"@babel/preset-stage-0@^7.0.0-beta.37":
  version "7.0.0-beta.38"
  resolved "https://registry.npmjs.org/@babel/preset-stage-0/-/preset-stage-0-7.0.0-beta.38.tgz#968a177b18b904ee002e244b97f9d503152a8f8b"
  dependencies:
    "@babel/plugin-proposal-function-bind" "7.0.0-beta.38"
    "@babel/preset-stage-1" "7.0.0-beta.38"

"@babel/preset-stage-1@7.0.0-beta.38":
  version "7.0.0-beta.38"
  resolved "https://registry.npmjs.org/@babel/preset-stage-1/-/preset-stage-1-7.0.0-beta.38.tgz#33530ca4dfeae96d9e8a826aba07848d6b048d9a"
  dependencies:
    "@babel/plugin-proposal-decorators" "7.0.0-beta.38"
    "@babel/plugin-proposal-do-expressions" "7.0.0-beta.38"
    "@babel/plugin-proposal-export-default-from" "7.0.0-beta.38"
    "@babel/plugin-proposal-nullish-coalescing-operator" "7.0.0-beta.38"
    "@babel/plugin-proposal-optional-chaining" "7.0.0-beta.38"
    "@babel/plugin-proposal-pipeline-operator" "7.0.0-beta.38"
    "@babel/preset-stage-2" "7.0.0-beta.38"

"@babel/preset-stage-2@7.0.0-beta.38":
  version "7.0.0-beta.38"
  resolved "https://registry.npmjs.org/@babel/preset-stage-2/-/preset-stage-2-7.0.0-beta.38.tgz#f000763d1a49d6986b8bae486eb04b3c0a143305"
  dependencies:
    "@babel/plugin-proposal-export-namespace-from" "7.0.0-beta.38"
    "@babel/plugin-proposal-function-sent" "7.0.0-beta.38"
    "@babel/plugin-proposal-numeric-separator" "7.0.0-beta.38"
    "@babel/plugin-proposal-throw-expressions" "7.0.0-beta.38"
    "@babel/preset-stage-3" "7.0.0-beta.38"

"@babel/preset-stage-3@7.0.0-beta.38":
  version "7.0.0-beta.38"
  resolved "https://registry.npmjs.org/@babel/preset-stage-3/-/preset-stage-3-7.0.0-beta.38.tgz#f542ca4f043ddeb4456ac671b5f9ab47e9ab1456"
  dependencies:
    "@babel/plugin-proposal-async-generator-functions" "7.0.0-beta.38"
    "@babel/plugin-proposal-class-properties" "7.0.0-beta.38"
    "@babel/plugin-proposal-object-rest-spread" "7.0.0-beta.38"
    "@babel/plugin-proposal-optional-catch-binding" "7.0.0-beta.38"
    "@babel/plugin-proposal-unicode-property-regex" "7.0.0-beta.38"
    "@babel/plugin-syntax-dynamic-import" "7.0.0-beta.38"
    "@babel/plugin-syntax-import-meta" "7.0.0-beta.38"

"@babel/template@7.0.0-beta.38":
  version "7.0.0-beta.38"
  resolved "https://registry.npmjs.org/@babel/template/-/template-7.0.0-beta.38.tgz#8a2d403a01da320beb8333dc6403500fa79e8597"
  dependencies:
    "@babel/code-frame" "7.0.0-beta.38"
    "@babel/types" "7.0.0-beta.38"
    babylon "7.0.0-beta.38"
    lodash "^4.2.0"

"@babel/traverse@7.0.0-beta.38":
  version "7.0.0-beta.38"
  resolved "https://registry.npmjs.org/@babel/traverse/-/traverse-7.0.0-beta.38.tgz#56462b91753dd5c6faf36e56a77c64077ddb85b8"
  dependencies:
    "@babel/code-frame" "7.0.0-beta.38"
    "@babel/generator" "7.0.0-beta.38"
    "@babel/helper-function-name" "7.0.0-beta.38"
    "@babel/types" "7.0.0-beta.38"
    babylon "7.0.0-beta.38"
    debug "^3.0.1"
    globals "^11.1.0"
    invariant "^2.2.0"
    lodash "^4.2.0"

"@babel/types@7.0.0-beta.38":
  version "7.0.0-beta.38"
  resolved "https://registry.npmjs.org/@babel/types/-/types-7.0.0-beta.38.tgz#2ce2443f7dc6ad535a67db4940cbd34e64035a6f"
  dependencies:
    esutils "^2.0.2"
    lodash "^4.2.0"
    to-fast-properties "^2.0.0"

accepts@~1.3.4:
  version "1.3.4"
  resolved "https://registry.npmjs.org/accepts/-/accepts-1.3.4.tgz#86246758c7dd6d21a6474ff084a4740ec05eb21f"
  dependencies:
    mime-types "~2.1.16"
    negotiator "0.6.1"

ansi-styles@^3.1.0:
  version "3.2.0"
  resolved "https://registry.npmjs.org/ansi-styles/-/ansi-styles-3.2.0.tgz#c159b8d5be0f9e5a6f346dab94f16ce022161b88"
  dependencies:
    color-convert "^1.9.0"

array-flatten@1.1.1:
  version "1.1.1"
  resolved "https://registry.npmjs.org/array-flatten/-/array-flatten-1.1.1.tgz#9a5f699051b1e7073328f2a008968b64ea2955d2"

asap@~2.0.3:
  version "2.0.6"
  resolved "https://registry.npmjs.org/asap/-/asap-2.0.6.tgz#e50347611d7e690943208bbdafebcbc2fb866d46"

babylon@7.0.0-beta.38:
  version "7.0.0-beta.38"
  resolved "https://registry.npmjs.org/babylon/-/babylon-7.0.0-beta.38.tgz#9b3a33e571a47464a2d20cb9dd5a570f00e3f996"

body-parser@1.18.2:
  version "1.18.2"
  resolved "https://registry.npmjs.org/body-parser/-/body-parser-1.18.2.tgz#87678a19d84b47d859b83199bd59bce222b10454"
  dependencies:
    bytes "3.0.0"
    content-type "~1.0.4"
    debug "2.6.9"
    depd "~1.1.1"
    http-errors "~1.6.2"
    iconv-lite "0.4.19"
    on-finished "~2.3.0"
    qs "6.5.1"
    raw-body "2.3.2"
    type-is "~1.6.15"

bytes@3.0.0:
  version "3.0.0"
  resolved "https://registry.npmjs.org/bytes/-/bytes-3.0.0.tgz#d32815404d689699f85a4ea4fa8755dd13a96048"

chalk@^2.0.0:
  version "2.3.0"
  resolved "https://registry.npmjs.org/chalk/-/chalk-2.3.0.tgz#b5ea48efc9c1793dccc9b4767c93914d3f2d52ba"
  dependencies:
    ansi-styles "^3.1.0"
    escape-string-regexp "^1.0.5"
    supports-color "^4.0.0"

color-convert@^1.9.0:
  version "1.9.1"
  resolved "https://registry.npmjs.org/color-convert/-/color-convert-1.9.1.tgz#c1261107aeb2f294ebffec9ed9ecad529a6097ed"
  dependencies:
    color-name "^1.1.1"

color-name@^1.1.1:
  version "1.1.3"
  resolved "https://registry.npmjs.org/color-name/-/color-name-1.1.3.tgz#a7d0558bd89c42f795dd42328f740831ca53bc25"

content-disposition@0.5.2:
  version "0.5.2"
  resolved "https://registry.npmjs.org/content-disposition/-/content-disposition-0.5.2.tgz#0cf68bb9ddf5f2be7961c3a85178cb85dba78cb4"

content-type@~1.0.4:
  version "1.0.4"
  resolved "https://registry.npmjs.org/content-type/-/content-type-1.0.4.tgz#e138cc75e040c727b1966fe5e5f8c9aee256fe3b"

cookie-signature@1.0.6:
  version "1.0.6"
  resolved "https://registry.npmjs.org/cookie-signature/-/cookie-signature-1.0.6.tgz#e303a882b342cc3ee8ca513a79999734dab3ae2c"

cookie@0.3.1:
  version "0.3.1"
  resolved "https://registry.npmjs.org/cookie/-/cookie-0.3.1.tgz#e7e0a1f9ef43b4c8ba925c5c5a96e806d16873bb"

core-js@^1.0.0:
  version "1.2.7"
  resolved "https://registry.npmjs.org/core-js/-/core-js-1.2.7.tgz#652294c14651db28fa93bd2d5ff2983a4f08c636"

debug@2.6.9:
  version "2.6.9"
  resolved "https://registry.npmjs.org/debug/-/debug-2.6.9.tgz#5d128515df134ff327e90a4c93f4e077a536341f"
  dependencies:
    ms "2.0.0"

debug@^3.0.1:
  version "3.1.0"
  resolved "https://registry.npmjs.org/debug/-/debug-3.1.0.tgz#5bb5a0672628b64149566ba16819e61518c67261"
  dependencies:
    ms "2.0.0"

depd@1.1.1:
  version "1.1.1"
  resolved "https://registry.npmjs.org/depd/-/depd-1.1.1.tgz#5783b4e1c459f06fa5ca27f991f3d06e7a310359"

depd@~1.1.1:
  version "1.1.2"
  resolved "https://registry.npmjs.org/depd/-/depd-1.1.2.tgz#9bcd52e14c097763e749b274c4346ed2e560b5a9"

destroy@~1.0.4:
  version "1.0.4"
  resolved "https://registry.npmjs.org/destroy/-/destroy-1.0.4.tgz#978857442c44749e4206613e37946205826abd80"

ee-first@1.1.1:
  version "1.1.1"
  resolved "https://registry.npmjs.org/ee-first/-/ee-first-1.1.1.tgz#590c61156b0ae2f4f0255732a158b266bc56b21d"

encodeurl@~1.0.1:
  version "1.0.2"
  resolved "https://registry.npmjs.org/encodeurl/-/encodeurl-1.0.2.tgz#ad3ff4c86ec2d029322f5a02c3a9a606c95b3f59"

encoding@^0.1.11:
  version "0.1.12"
  resolved "https://registry.npmjs.org/encoding/-/encoding-0.1.12.tgz#538b66f3ee62cd1ab51ec323829d1f9480c74beb"
  dependencies:
    iconv-lite "~0.4.13"

escape-html@~1.0.3:
  version "1.0.3"
  resolved "https://registry.npmjs.org/escape-html/-/escape-html-1.0.3.tgz#0258eae4d3d0c0974de1c169188ef0051d1d1988"

escape-string-regexp@^1.0.5:
  version "1.0.5"
  resolved "https://registry.npmjs.org/escape-string-regexp/-/escape-string-regexp-1.0.5.tgz#1b61c0562190a8dff6ae3bb2cf0200ca130b86d4"

esutils@^2.0.2:
  version "2.0.2"
  resolved "https://registry.npmjs.org/esutils/-/esutils-2.0.2.tgz#0abf4f1caa5bcb1f7a9d8acc6dea4faaa04bac9b"

etag@~1.8.1:
  version "1.8.1"
  resolved "https://registry.npmjs.org/etag/-/etag-1.8.1.tgz#41ae2eeb65efa62268aebfea83ac7d79299b0887"

express@^4.15.2:
  version "4.16.2"
  resolved "https://registry.npmjs.org/express/-/express-4.16.2.tgz#e35c6dfe2d64b7dca0a5cd4f21781be3299e076c"
  dependencies:
    accepts "~1.3.4"
    array-flatten "1.1.1"
    body-parser "1.18.2"
    content-disposition "0.5.2"
    content-type "~1.0.4"
    cookie "0.3.1"
    cookie-signature "1.0.6"
    debug "2.6.9"
    depd "~1.1.1"
    encodeurl "~1.0.1"
    escape-html "~1.0.3"
    etag "~1.8.1"
    finalhandler "1.1.0"
    fresh "0.5.2"
    merge-descriptors "1.0.1"
    methods "~1.1.2"
    on-finished "~2.3.0"
    parseurl "~1.3.2"
    path-to-regexp "0.1.7"
    proxy-addr "~2.0.2"
    qs "6.5.1"
    range-parser "~1.2.0"
    safe-buffer "5.1.1"
    send "0.16.1"
    serve-static "1.13.1"
    setprototypeof "1.1.0"
    statuses "~1.3.1"
    type-is "~1.6.15"
    utils-merge "1.0.1"
    vary "~1.1.2"

fbjs@^0.8.16:
  version "0.8.16"
  resolved "https://registry.npmjs.org/fbjs/-/fbjs-0.8.16.tgz#5e67432f550dc41b572bf55847b8aca64e5337db"
  dependencies:
    core-js "^1.0.0"
    isomorphic-fetch "^2.1.1"
    loose-envify "^1.0.0"
    object-assign "^4.1.0"
    promise "^7.1.1"
    setimmediate "^1.0.5"
    ua-parser-js "^0.7.9"

finalhandler@1.1.0:
  version "1.1.0"
  resolved "https://registry.npmjs.org/finalhandler/-/finalhandler-1.1.0.tgz#ce0b6855b45853e791b2fcc680046d88253dd7f5"
  dependencies:
    debug "2.6.9"
    encodeurl "~1.0.1"
    escape-html "~1.0.3"
    on-finished "~2.3.0"
    parseurl "~1.3.2"
    statuses "~1.3.1"
    unpipe "~1.0.0"

forwarded@~0.1.2:
  version "0.1.2"
  resolved "https://registry.npmjs.org/forwarded/-/forwarded-0.1.2.tgz#98c23dab1175657b8c0573e8ceccd91b0ff18c84"

fresh@0.5.2:
  version "0.5.2"
  resolved "https://registry.npmjs.org/fresh/-/fresh-0.5.2.tgz#3d8cadd90d976569fa835ab1f8e4b23a105605a7"

globals@^11.1.0:
  version "11.1.0"
  resolved "https://registry.npmjs.org/globals/-/globals-11.1.0.tgz#632644457f5f0e3ae711807183700ebf2e4633e4"

has-flag@^2.0.0:
  version "2.0.0"
  resolved "https://registry.npmjs.org/has-flag/-/has-flag-2.0.0.tgz#e8207af1cc7b30d446cc70b734b5e8be18f88d51"

history@^4.7.2:
  version "4.7.2"
  resolved "https://registry.npmjs.org/history/-/history-4.7.2.tgz#22b5c7f31633c5b8021c7f4a8a954ac139ee8d5b"
  dependencies:
    invariant "^2.2.1"
    loose-envify "^1.2.0"
    resolve-pathname "^2.2.0"
    value-equal "^0.4.0"
    warning "^3.0.0"

hoist-non-react-statics@^2.3.0:
  version "2.3.1"
  resolved "https://registry.npmjs.org/hoist-non-react-statics/-/hoist-non-react-statics-2.3.1.tgz#343db84c6018c650778898240135a1420ee22ce0"

http-errors@1.6.2, http-errors@~1.6.2:
  version "1.6.2"
  resolved "https://registry.npmjs.org/http-errors/-/http-errors-1.6.2.tgz#0a002cc85707192a7e7946ceedc11155f60ec736"
  dependencies:
    depd "1.1.1"
    inherits "2.0.3"
    setprototypeof "1.0.3"
    statuses ">= 1.3.1 < 2"

iconv-lite@0.4.19, iconv-lite@~0.4.13:
  version "0.4.19"
  resolved "https://registry.npmjs.org/iconv-lite/-/iconv-lite-0.4.19.tgz#f7468f60135f5e5dad3399c0a81be9a1603a082b"

inherits@2.0.3:
  version "2.0.3"
  resolved "https://registry.npmjs.org/inherits/-/inherits-2.0.3.tgz#633c2c83e3da42a502f52466022480f4208261de"

invariant@^2.2.0, invariant@^2.2.1, invariant@^2.2.2:
  version "2.2.2"
  resolved "https://registry.npmjs.org/invariant/-/invariant-2.2.2.tgz#9e1f56ac0acdb6bf303306f338be3b204ae60360"
  dependencies:
    loose-envify "^1.0.0"

ipaddr.js@1.5.2:
  version "1.5.2"
  resolved "https://registry.npmjs.org/ipaddr.js/-/ipaddr.js-1.5.2.tgz#d4b505bde9946987ccf0fc58d9010ff9607e3fa0"

is-stream@^1.0.1:
  version "1.1.0"
  resolved "https://registry.npmjs.org/is-stream/-/is-stream-1.1.0.tgz#12d4a3dd4e68e0b79ceb8dbc84173ae80d91ca44"

isarray@0.0.1:
  version "0.0.1"
  resolved "https://registry.npmjs.org/isarray/-/isarray-0.0.1.tgz#8a18acfca9a8f4177e09abfc6038939b05d1eedf"

isomorphic-fetch@^2.1.1:
  version "2.2.1"
  resolved "https://registry.npmjs.org/isomorphic-fetch/-/isomorphic-fetch-2.2.1.tgz#611ae1acf14f5e81f729507472819fe9733558a9"
  dependencies:
    node-fetch "^1.0.1"
    whatwg-fetch ">=0.10.0"

js-tokens@^3.0.0:
  version "3.0.2"
  resolved "https://registry.npmjs.org/js-tokens/-/js-tokens-3.0.2.tgz#9866df395102130e38f7f996bceb65443209c25b"

jsesc@^2.5.1:
  version "2.5.1"
  resolved "https://registry.npmjs.org/jsesc/-/jsesc-2.5.1.tgz#e421a2a8e20d6b0819df28908f782526b96dd1fe"

jsesc@~0.5.0:
  version "0.5.0"
  resolved "https://registry.npmjs.org/jsesc/-/jsesc-0.5.0.tgz#e7dee66e35d6fc16f710fe91d5cf69f70f08911d"

lodash@^4.2.0:
  version "4.17.4"
  resolved "https://registry.npmjs.org/lodash/-/lodash-4.17.4.tgz#78203a4d1c328ae1d86dca6460e369b57f4055ae"

loose-envify@^1.0.0, loose-envify@^1.1.0, loose-envify@^1.2.0, loose-envify@^1.3.1:
  version "1.3.1"
  resolved "https://registry.npmjs.org/loose-envify/-/loose-envify-1.3.1.tgz#d1a8ad33fa9ce0e713d65fdd0ac8b748d478c848"
  dependencies:
    js-tokens "^3.0.0"

media-typer@0.3.0:
  version "0.3.0"
  resolved "https://registry.npmjs.org/media-typer/-/media-typer-0.3.0.tgz#8710d7af0aa626f8fffa1ce00168545263255748"

merge-descriptors@1.0.1:
  version "1.0.1"
  resolved "https://registry.npmjs.org/merge-descriptors/-/merge-descriptors-1.0.1.tgz#b00aaa556dd8b44568150ec9d1b953f3f90cbb61"

methods@~1.1.2:
  version "1.1.2"
  resolved "https://registry.npmjs.org/methods/-/methods-1.1.2.tgz#5529a4d67654134edcc5266656835b0f851afcee"

mime-db@~1.30.0:
  version "1.30.0"
  resolved "https://registry.npmjs.org/mime-db/-/mime-db-1.30.0.tgz#74c643da2dd9d6a45399963465b26d5ca7d71f01"

mime-types@~2.1.15, mime-types@~2.1.16:
  version "2.1.17"
  resolved "https://registry.npmjs.org/mime-types/-/mime-types-2.1.17.tgz#09d7a393f03e995a79f8af857b70a9e0ab16557a"
  dependencies:
    mime-db "~1.30.0"

mime@1.4.1:
  version "1.4.1"
  resolved "https://registry.npmjs.org/mime/-/mime-1.4.1.tgz#121f9ebc49e3766f311a76e1fa1c8003c4b03aa6"

ms@2.0.0:
  version "2.0.0"
  resolved "https://registry.npmjs.org/ms/-/ms-2.0.0.tgz#5608aeadfc00be6c2901df5f9861788de0d597c8"

negotiator@0.6.1:
  version "0.6.1"
  resolved "https://registry.npmjs.org/negotiator/-/negotiator-0.6.1.tgz#2b327184e8992101177b28563fb5e7102acd0ca9"

node-fetch@^1.0.1:
  version "1.7.3"
  resolved "https://registry.npmjs.org/node-fetch/-/node-fetch-1.7.3.tgz#980f6f72d85211a5347c6b2bc18c5b84c3eb47ef"
  dependencies:
    encoding "^0.1.11"
    is-stream "^1.0.1"

object-assign@^4.1.0, object-assign@^4.1.1:
  version "4.1.1"
  resolved "https://registry.npmjs.org/object-assign/-/object-assign-4.1.1.tgz#2109adc7965887cfc05cbbd442cac8bfbb360863"

on-finished@~2.3.0:
  version "2.3.0"
  resolved "https://registry.npmjs.org/on-finished/-/on-finished-2.3.0.tgz#20f1336481b083cd75337992a16971aa2d906947"
  dependencies:
    ee-first "1.1.1"

parseurl@~1.3.2:
  version "1.3.2"
  resolved "https://registry.npmjs.org/parseurl/-/parseurl-1.3.2.tgz#fc289d4ed8993119460c156253262cdc8de65bf3"

path-to-regexp@0.1.7:
  version "0.1.7"
  resolved "https://registry.npmjs.org/path-to-regexp/-/path-to-regexp-0.1.7.tgz#df604178005f522f15eb4490e7247a1bfaa67f8c"

path-to-regexp@^1.7.0:
  version "1.7.0"
  resolved "https://registry.npmjs.org/path-to-regexp/-/path-to-regexp-1.7.0.tgz#59fde0f435badacba103a84e9d3bc64e96b9937d"
  dependencies:
    isarray "0.0.1"

promise@^7.1.1:
  version "7.3.1"
  resolved "https://registry.npmjs.org/promise/-/promise-7.3.1.tgz#064b72602b18f90f29192b8b1bc418ffd1ebd3bf"
  dependencies:
    asap "~2.0.3"

prop-types@^15.5.4, prop-types@^15.6.0:
  version "15.6.0"
  resolved "https://registry.npmjs.org/prop-types/-/prop-types-15.6.0.tgz#ceaf083022fc46b4a35f69e13ef75aed0d639856"
  dependencies:
    fbjs "^0.8.16"
    loose-envify "^1.3.1"
    object-assign "^4.1.1"

proxy-addr@~2.0.2:
  version "2.0.2"
  resolved "https://registry.npmjs.org/proxy-addr/-/proxy-addr-2.0.2.tgz#6571504f47bb988ec8180253f85dd7e14952bdec"
  dependencies:
    forwarded "~0.1.2"
    ipaddr.js "1.5.2"

qs@6.5.1:
  version "6.5.1"
  resolved "https://registry.npmjs.org/qs/-/qs-6.5.1.tgz#349cdf6eef89ec45c12d7d5eb3fc0c870343a6d8"

range-parser@~1.2.0:
  version "1.2.0"
  resolved "https://registry.npmjs.org/range-parser/-/range-parser-1.2.0.tgz#f49be6b487894ddc40dcc94a322f611092e00d5e"

raw-body@2.3.2:
  version "2.3.2"
  resolved "https://registry.npmjs.org/raw-body/-/raw-body-2.3.2.tgz#bcd60c77d3eb93cde0050295c3f379389bc88f89"
  dependencies:
    bytes "3.0.0"
    http-errors "1.6.2"
    iconv-lite "0.4.19"
    unpipe "1.0.0"

react-dom@^16.0.0:
  version "16.2.0"
  resolved "https://registry.npmjs.org/react-dom/-/react-dom-16.2.0.tgz#69003178601c0ca19b709b33a83369fe6124c044"
  dependencies:
    fbjs "^0.8.16"
    loose-envify "^1.1.0"
    object-assign "^4.1.1"
    prop-types "^15.6.0"

react-router-dom@^4.2.2:
  version "4.2.2"
  resolved "https://registry.npmjs.org/react-router-dom/-/react-router-dom-4.2.2.tgz#c8a81df3adc58bba8a76782e946cbd4eae649b8d"
  dependencies:
    history "^4.7.2"
    invariant "^2.2.2"
    loose-envify "^1.3.1"
    prop-types "^15.5.4"
    react-router "^4.2.0"
    warning "^3.0.0"

react-router@^4.2.0:
  version "4.2.0"
  resolved "https://registry.npmjs.org/react-router/-/react-router-4.2.0.tgz#61f7b3e3770daeb24062dae3eedef1b054155986"
  dependencies:
    history "^4.7.2"
    hoist-non-react-statics "^2.3.0"
    invariant "^2.2.2"
    loose-envify "^1.3.1"
    path-to-regexp "^1.7.0"
    prop-types "^15.5.4"
    warning "^3.0.0"

react@^16.0.0:
  version "16.2.0"
  resolved "https://registry.npmjs.org/react/-/react-16.2.0.tgz#a31bd2dab89bff65d42134fa187f24d054c273ba"
  dependencies:
    fbjs "^0.8.16"
    loose-envify "^1.1.0"
    object-assign "^4.1.1"
    prop-types "^15.6.0"

regenerate-unicode-properties@^5.1.1:
  version "5.1.3"
  resolved "https://registry.npmjs.org/regenerate-unicode-properties/-/regenerate-unicode-properties-5.1.3.tgz#54f5891543468f36f2274b67c6bc4c033c27b308"
  dependencies:
    regenerate "^1.3.3"

regenerate@^1.3.3:
  version "1.3.3"
  resolved "https://registry.npmjs.org/regenerate/-/regenerate-1.3.3.tgz#0c336d3980553d755c39b586ae3b20aa49c82b7f"

regexpu-core@^4.1.3:
  version "4.1.3"
  resolved "https://registry.npmjs.org/regexpu-core/-/regexpu-core-4.1.3.tgz#fb81616dbbc2a917a7419b33f8379144f51eb8d0"
  dependencies:
    regenerate "^1.3.3"
    regenerate-unicode-properties "^5.1.1"
    regjsgen "^0.3.0"
    regjsparser "^0.2.1"
    unicode-match-property-ecmascript "^1.0.3"
    unicode-match-property-value-ecmascript "^1.0.1"

regjsgen@^0.3.0:
  version "0.3.0"
  resolved "https://registry.npmjs.org/regjsgen/-/regjsgen-0.3.0.tgz#0ee4a3e9276430cda25f1e789ea6c15b87b0cb43"

regjsparser@^0.2.1:
  version "0.2.1"
  resolved "https://registry.npmjs.org/regjsparser/-/regjsparser-0.2.1.tgz#c3787553faf04e775c302102ef346d995000ec1c"
  dependencies:
    jsesc "~0.5.0"

resolve-pathname@^2.2.0:
  version "2.2.0"
  resolved "https://registry.npmjs.org/resolve-pathname/-/resolve-pathname-2.2.0.tgz#7e9ae21ed815fd63ab189adeee64dc831eefa879"

safe-buffer@5.1.1:
  version "5.1.1"
  resolved "https://registry.npmjs.org/safe-buffer/-/safe-buffer-5.1.1.tgz#893312af69b2123def71f57889001671eeb2c853"

send@0.16.1:
  version "0.16.1"
  resolved "https://registry.npmjs.org/send/-/send-0.16.1.tgz#a70e1ca21d1382c11d0d9f6231deb281080d7ab3"
  dependencies:
    debug "2.6.9"
    depd "~1.1.1"
    destroy "~1.0.4"
    encodeurl "~1.0.1"
    escape-html "~1.0.3"
    etag "~1.8.1"
    fresh "0.5.2"
    http-errors "~1.6.2"
    mime "1.4.1"
    ms "2.0.0"
    on-finished "~2.3.0"
    range-parser "~1.2.0"
    statuses "~1.3.1"

serialize-javascript@^1.3.0:
  version "1.4.0"
  resolved "https://registry.npmjs.org/serialize-javascript/-/serialize-javascript-1.4.0.tgz#7c958514db6ac2443a8abc062dc9f7886a7f6005"

serve-static@1.13.1:
  version "1.13.1"
  resolved "https://registry.npmjs.org/serve-static/-/serve-static-1.13.1.tgz#4c57d53404a761d8f2e7c1e8a18a47dbf278a719"
  dependencies:
    encodeurl "~1.0.1"
    escape-html "~1.0.3"
    parseurl "~1.3.2"
    send "0.16.1"

setimmediate@^1.0.5:
  version "1.0.5"
  resolved "https://registry.npmjs.org/setimmediate/-/setimmediate-1.0.5.tgz#290cbb232e306942d7d7ea9b83732ab7856f8285"

setprototypeof@1.0.3:
  version "1.0.3"
  resolved "https://registry.npmjs.org/setprototypeof/-/setprototypeof-1.0.3.tgz#66567e37043eeb4f04d91bd658c0cbefb55b8e04"

setprototypeof@1.1.0:
  version "1.1.0"
  resolved "https://registry.npmjs.org/setprototypeof/-/setprototypeof-1.1.0.tgz#d0bd85536887b6fe7c0d818cb962d9d91c54e656"

source-map@^0.5.0:
  version "0.5.7"
  resolved "https://registry.npmjs.org/source-map/-/source-map-0.5.7.tgz#8a039d2d1021d22d1ea14c80d8ea468ba2ef3fcc"

"statuses@>= 1.3.1 < 2":
  version "1.4.0"
  resolved "https://registry.npmjs.org/statuses/-/statuses-1.4.0.tgz#bb73d446da2796106efcc1b601a253d6c46bd087"

statuses@~1.3.1:
  version "1.3.1"
  resolved "https://registry.npmjs.org/statuses/-/statuses-1.3.1.tgz#faf51b9eb74aaef3b3acf4ad5f61abf24cb7b93e"

supports-color@^4.0.0:
  version "4.5.0"
  resolved "https://registry.npmjs.org/supports-color/-/supports-color-4.5.0.tgz#be7a0de484dec5c5cddf8b3d59125044912f635b"
  dependencies:
    has-flag "^2.0.0"

to-fast-properties@^2.0.0:
  version "2.0.0"
  resolved "https://registry.npmjs.org/to-fast-properties/-/to-fast-properties-2.0.0.tgz#dc5e698cbd079265bc73e0377681a4e4e83f616e"

trim-right@^1.0.1:
  version "1.0.1"
  resolved "https://registry.npmjs.org/trim-right/-/trim-right-1.0.1.tgz#cb2e1203067e0c8de1f614094b9fe45704ea6003"

type-is@~1.6.15:
  version "1.6.15"
  resolved "https://registry.npmjs.org/type-is/-/type-is-1.6.15.tgz#cab10fb4909e441c82842eafe1ad646c81804410"
  dependencies:
    media-typer "0.3.0"
    mime-types "~2.1.15"

ua-parser-js@^0.7.9:
  version "0.7.17"
  resolved "https://registry.npmjs.org/ua-parser-js/-/ua-parser-js-0.7.17.tgz#e9ec5f9498b9ec910e7ae3ac626a805c4d09ecac"

unicode-canonical-property-names-ecmascript@^1.0.2:
  version "1.0.3"
  resolved "https://registry.npmjs.org/unicode-canonical-property-names-ecmascript/-/unicode-canonical-property-names-ecmascript-1.0.3.tgz#f6119f417467593c0086357c85546b6ad5abc583"

unicode-match-property-ecmascript@^1.0.3:
  version "1.0.3"
  resolved "https://registry.npmjs.org/unicode-match-property-ecmascript/-/unicode-match-property-ecmascript-1.0.3.tgz#db9b1cb4ffc67e0c5583780b1b59370e4cbe97b9"
  dependencies:
    unicode-canonical-property-names-ecmascript "^1.0.2"
    unicode-property-aliases-ecmascript "^1.0.3"

unicode-match-property-value-ecmascript@^1.0.1:
  version "1.0.1"
  resolved "https://registry.npmjs.org/unicode-match-property-value-ecmascript/-/unicode-match-property-value-ecmascript-1.0.1.tgz#fea059120a016f403afd3bf586162b4db03e0604"

unicode-property-aliases-ecmascript@^1.0.3:
  version "1.0.3"
  resolved "https://registry.npmjs.org/unicode-property-aliases-ecmascript/-/unicode-property-aliases-ecmascript-1.0.3.tgz#ac3522583b9e630580f916635333e00c5ead690d"

unpipe@1.0.0, unpipe@~1.0.0:
  version "1.0.0"
  resolved "https://registry.npmjs.org/unpipe/-/unpipe-1.0.0.tgz#b2bf4ee8514aae6165b4817829d21b2ef49904ec"

utils-merge@1.0.1:
  version "1.0.1"
  resolved "https://registry.npmjs.org/utils-merge/-/utils-merge-1.0.1.tgz#9f95710f50a267947b2ccc124741c1028427e713"

value-equal@^0.4.0:
  version "0.4.0"
  resolved "https://registry.npmjs.org/value-equal/-/value-equal-0.4.0.tgz#c5bdd2f54ee093c04839d71ce2e4758a6890abc7"

vary@~1.1.2:
  version "1.1.2"
  resolved "https://registry.npmjs.org/vary/-/vary-1.1.2.tgz#2299f02c6ded30d4a5961b0b9f74524a18f634fc"

warning@^3.0.0:
  version "3.0.0"
  resolved "https://registry.npmjs.org/warning/-/warning-3.0.0.tgz#32e5377cb572de4ab04753bdf8821c01ed605b7c"
  dependencies:
    loose-envify "^1.0.0"

whatwg-fetch@>=0.10.0:
  version "2.0.3"
  resolved "https://registry.npmjs.org/whatwg-fetch/-/whatwg-fetch-2.0.3.tgz#9c84ec2dcf68187ff00bc64e1274b442176e1c84"
