# THIS IS AN AUTOGENERATED FILE. DO NOT EDIT THIS FILE DIRECTLY.
# yarn lockfile v1


"@babel/code-frame@7.0.0-beta.40":
  version "7.0.0-beta.40"
  resolved "https://registry.yarnpkg.com/@babel/code-frame/-/code-frame-7.0.0-beta.40.tgz#37e2b0cf7c56026b4b21d3927cadf81adec32ac6"
  dependencies:
    "@babel/highlight" "7.0.0-beta.40"

"@babel/generator@7.0.0-beta.40":
  version "7.0.0-beta.40"
  resolved "https://registry.yarnpkg.com/@babel/generator/-/generator-7.0.0-beta.40.tgz#ab61f9556f4f71dbd1138949c795bb9a21e302ea"
  dependencies:
    "@babel/types" "7.0.0-beta.40"
    jsesc "^2.5.1"
    lodash "^4.2.0"
    source-map "^0.5.0"
    trim-right "^1.0.1"

"@babel/helper-annotate-as-pure@7.0.0-beta.40":
  version "7.0.0-beta.40"
  resolved "https://registry.yarnpkg.com/@babel/helper-annotate-as-pure/-/helper-annotate-as-pure-7.0.0-beta.40.tgz#095dd4c70b231eba17ebf61c3434e6f9d71bd574"
  dependencies:
    "@babel/types" "7.0.0-beta.40"

"@babel/helper-builder-binary-assignment-operator-visitor@7.0.0-beta.40":
  version "7.0.0-beta.40"
  resolved "https://registry.yarnpkg.com/@babel/helper-builder-binary-assignment-operator-visitor/-/helper-builder-binary-assignment-operator-visitor-7.0.0-beta.40.tgz#bec4240c95d8b646812c5d4ac536a5579dbcdd53"
  dependencies:
    "@babel/helper-explode-assignable-expression" "7.0.0-beta.40"
    "@babel/types" "7.0.0-beta.40"

"@babel/helper-builder-react-jsx@7.0.0-beta.40":
  version "7.0.0-beta.40"
  resolved "https://registry.yarnpkg.com/@babel/helper-builder-react-jsx/-/helper-builder-react-jsx-7.0.0-beta.40.tgz#2a171b6c4939c6cd0bdc38cca261d1f3b32cedb1"
  dependencies:
    "@babel/types" "7.0.0-beta.40"
    esutils "^2.0.0"

"@babel/helper-call-delegate@7.0.0-beta.40":
  version "7.0.0-beta.40"
  resolved "https://registry.yarnpkg.com/@babel/helper-call-delegate/-/helper-call-delegate-7.0.0-beta.40.tgz#5d5000d0bf76c68ee6866961e0b7eb6e9ed52438"
  dependencies:
    "@babel/helper-hoist-variables" "7.0.0-beta.40"
    "@babel/traverse" "7.0.0-beta.40"
    "@babel/types" "7.0.0-beta.40"

"@babel/helper-define-map@7.0.0-beta.40":
  version "7.0.0-beta.40"
  resolved "https://registry.yarnpkg.com/@babel/helper-define-map/-/helper-define-map-7.0.0-beta.40.tgz#ad64c548dd98e7746305852f113ed04dc74329c0"
  dependencies:
    "@babel/helper-function-name" "7.0.0-beta.40"
    "@babel/types" "7.0.0-beta.40"
    lodash "^4.2.0"

"@babel/helper-explode-assignable-expression@7.0.0-beta.40":
  version "7.0.0-beta.40"
  resolved "https://registry.yarnpkg.com/@babel/helper-explode-assignable-expression/-/helper-explode-assignable-expression-7.0.0-beta.40.tgz#0ef579288d894a987c60bf0577c074ad18cfa9dd"
  dependencies:
    "@babel/traverse" "7.0.0-beta.40"
    "@babel/types" "7.0.0-beta.40"

"@babel/helper-function-name@7.0.0-beta.40":
  version "7.0.0-beta.40"
  resolved "https://registry.yarnpkg.com/@babel/helper-function-name/-/helper-function-name-7.0.0-beta.40.tgz#9d033341ab16517f40d43a73f2d81fc431ccd7b6"
  dependencies:
    "@babel/helper-get-function-arity" "7.0.0-beta.40"
    "@babel/template" "7.0.0-beta.40"
    "@babel/types" "7.0.0-beta.40"

"@babel/helper-get-function-arity@7.0.0-beta.40":
  version "7.0.0-beta.40"
  resolved "https://registry.yarnpkg.com/@babel/helper-get-function-arity/-/helper-get-function-arity-7.0.0-beta.40.tgz#ac0419cf067b0ec16453e1274f03878195791c6e"
  dependencies:
    "@babel/types" "7.0.0-beta.40"

"@babel/helper-hoist-variables@7.0.0-beta.40":
  version "7.0.0-beta.40"
  resolved "https://registry.yarnpkg.com/@babel/helper-hoist-variables/-/helper-hoist-variables-7.0.0-beta.40.tgz#59d47fd133782d60db89af0d18083ad3c9f4801c"
  dependencies:
    "@babel/types" "7.0.0-beta.40"

"@babel/helper-module-imports@7.0.0-beta.40":
  version "7.0.0-beta.40"
  resolved "https://registry.yarnpkg.com/@babel/helper-module-imports/-/helper-module-imports-7.0.0-beta.40.tgz#251cbb6404599282e8f7356a5b32c9381bef5d2d"
  dependencies:
    "@babel/types" "7.0.0-beta.40"
    lodash "^4.2.0"

"@babel/helper-module-transforms@7.0.0-beta.40":
  version "7.0.0-beta.40"
  resolved "https://registry.yarnpkg.com/@babel/helper-module-transforms/-/helper-module-transforms-7.0.0-beta.40.tgz#e5240afd47bd98f6ae65874b9ae508533abfee76"
  dependencies:
    "@babel/helper-module-imports" "7.0.0-beta.40"
    "@babel/helper-simple-access" "7.0.0-beta.40"
    "@babel/template" "7.0.0-beta.40"
    "@babel/types" "7.0.0-beta.40"
    lodash "^4.2.0"

"@babel/helper-optimise-call-expression@7.0.0-beta.40":
  version "7.0.0-beta.40"
  resolved "https://registry.yarnpkg.com/@babel/helper-optimise-call-expression/-/helper-optimise-call-expression-7.0.0-beta.40.tgz#f0e7f70d455bff8ab6a248a84f0221098fa468ac"
  dependencies:
    "@babel/types" "7.0.0-beta.40"

"@babel/helper-regex@7.0.0-beta.40":
  version "7.0.0-beta.40"
  resolved "https://registry.yarnpkg.com/@babel/helper-regex/-/helper-regex-7.0.0-beta.40.tgz#b47018ecca8ff66bb390c34a95ff71bc01495833"
  dependencies:
    lodash "^4.2.0"

"@babel/helper-remap-async-to-generator@7.0.0-beta.40":
  version "7.0.0-beta.40"
  resolved "https://registry.yarnpkg.com/@babel/helper-remap-async-to-generator/-/helper-remap-async-to-generator-7.0.0-beta.40.tgz#33414d1cc160ebf0991ebc60afebe36b08feae05"
  dependencies:
    "@babel/helper-annotate-as-pure" "7.0.0-beta.40"
    "@babel/helper-wrap-function" "7.0.0-beta.40"
    "@babel/template" "7.0.0-beta.40"
    "@babel/traverse" "7.0.0-beta.40"
    "@babel/types" "7.0.0-beta.40"

"@babel/helper-replace-supers@7.0.0-beta.40":
  version "7.0.0-beta.40"
  resolved "https://registry.yarnpkg.com/@babel/helper-replace-supers/-/helper-replace-supers-7.0.0-beta.40.tgz#2ab0c9e7fa17d313745f1634ce6b7bccaa5dd5fe"
  dependencies:
    "@babel/helper-optimise-call-expression" "7.0.0-beta.40"
    "@babel/template" "7.0.0-beta.40"
    "@babel/traverse" "7.0.0-beta.40"
    "@babel/types" "7.0.0-beta.40"

"@babel/helper-simple-access@7.0.0-beta.40":
  version "7.0.0-beta.40"
  resolved "https://registry.yarnpkg.com/@babel/helper-simple-access/-/helper-simple-access-7.0.0-beta.40.tgz#018f765090a3d25153778958969f235dc6ce5b57"
  dependencies:
    "@babel/template" "7.0.0-beta.40"
    "@babel/types" "7.0.0-beta.40"
    lodash "^4.2.0"

"@babel/helper-wrap-function@7.0.0-beta.40":
  version "7.0.0-beta.40"
  resolved "https://registry.yarnpkg.com/@babel/helper-wrap-function/-/helper-wrap-function-7.0.0-beta.40.tgz#4db4630cdaf4fd47fa2c45b5b7a9ecc33ff3f2be"
  dependencies:
    "@babel/helper-function-name" "7.0.0-beta.40"
    "@babel/template" "7.0.0-beta.40"
    "@babel/traverse" "7.0.0-beta.40"
    "@babel/types" "7.0.0-beta.40"

"@babel/highlight@7.0.0-beta.40":
  version "7.0.0-beta.40"
  resolved "https://registry.yarnpkg.com/@babel/highlight/-/highlight-7.0.0-beta.40.tgz#b43d67d76bf46e1d10d227f68cddcd263786b255"
  dependencies:
    chalk "^2.0.0"
    esutils "^2.0.2"
    js-tokens "^3.0.0"

"@babel/plugin-proposal-async-generator-functions@7.0.0-beta.40":
  version "7.0.0-beta.40"
  resolved "https://registry.yarnpkg.com/@babel/plugin-proposal-async-generator-functions/-/plugin-proposal-async-generator-functions-7.0.0-beta.40.tgz#64f4aebc3fff33d2ae8f0a0870f0dfe2ff6815d6"
  dependencies:
    "@babel/helper-remap-async-to-generator" "7.0.0-beta.40"
    "@babel/plugin-syntax-async-generators" "7.0.0-beta.40"

"@babel/plugin-proposal-class-properties@^7.0.0-beta.40":
  version "7.0.0-beta.40"
  resolved "https://registry.yarnpkg.com/@babel/plugin-proposal-class-properties/-/plugin-proposal-class-properties-7.0.0-beta.40.tgz#ee0549729e9f44603efa17523b459ea3021458dc"
  dependencies:
    "@babel/helper-function-name" "7.0.0-beta.40"
    "@babel/plugin-syntax-class-properties" "7.0.0-beta.40"

"@babel/plugin-proposal-object-rest-spread@7.0.0-beta.40", "@babel/plugin-proposal-object-rest-spread@^7.0.0-beta.40":
  version "7.0.0-beta.40"
  resolved "https://registry.yarnpkg.com/@babel/plugin-proposal-object-rest-spread/-/plugin-proposal-object-rest-spread-7.0.0-beta.40.tgz#ce35d2240908e52706a612eb26d67db667cd700f"
  dependencies:
    "@babel/plugin-syntax-object-rest-spread" "7.0.0-beta.40"

"@babel/plugin-proposal-optional-catch-binding@7.0.0-beta.40":
  version "7.0.0-beta.40"
  resolved "https://registry.yarnpkg.com/@babel/plugin-proposal-optional-catch-binding/-/plugin-proposal-optional-catch-binding-7.0.0-beta.40.tgz#e76ddcb21880eea0225f1dcde20a5e97ca85fd39"
  dependencies:
    "@babel/plugin-syntax-optional-catch-binding" "7.0.0-beta.40"

"@babel/plugin-proposal-unicode-property-regex@7.0.0-beta.40":
  version "7.0.0-beta.40"
  resolved "https://registry.yarnpkg.com/@babel/plugin-proposal-unicode-property-regex/-/plugin-proposal-unicode-property-regex-7.0.0-beta.40.tgz#1fb2c29c8bd88d5fff82ec080dbe24e7126ec460"
  dependencies:
    "@babel/helper-regex" "7.0.0-beta.40"
    regexpu-core "^4.1.3"

"@babel/plugin-syntax-async-generators@7.0.0-beta.40":
  version "7.0.0-beta.40"
  resolved "https://registry.yarnpkg.com/@babel/plugin-syntax-async-generators/-/plugin-syntax-async-generators-7.0.0-beta.40.tgz#6c45889569add3b3721cc9a481ae99906f240874"

"@babel/plugin-syntax-class-properties@7.0.0-beta.40":
  version "7.0.0-beta.40"
  resolved "https://registry.yarnpkg.com/@babel/plugin-syntax-class-properties/-/plugin-syntax-class-properties-7.0.0-beta.40.tgz#ff82c04c6d97cdb947dc64e3f3d4bc791e85a16f"

"@babel/plugin-syntax-dynamic-import@^7.0.0-beta.40":
  version "7.0.0-beta.40"
  resolved "https://registry.yarnpkg.com/@babel/plugin-syntax-dynamic-import/-/plugin-syntax-dynamic-import-7.0.0-beta.40.tgz#5d9b58d4fbe1dfabbd44dee2eb267c466d7e9b87"

"@babel/plugin-syntax-jsx@7.0.0-beta.40":
  version "7.0.0-beta.40"
  resolved "https://registry.yarnpkg.com/@babel/plugin-syntax-jsx/-/plugin-syntax-jsx-7.0.0-beta.40.tgz#db44d52ff06f784be22f2659e694cc2cf97f99f9"

"@babel/plugin-syntax-object-rest-spread@7.0.0-beta.40":
  version "7.0.0-beta.40"
  resolved "https://registry.yarnpkg.com/@babel/plugin-syntax-object-rest-spread/-/plugin-syntax-object-rest-spread-7.0.0-beta.40.tgz#d5e04536062e4df685c203ae48bb19bfe2cf235c"

"@babel/plugin-syntax-optional-catch-binding@7.0.0-beta.40":
  version "7.0.0-beta.40"
  resolved "https://registry.yarnpkg.com/@babel/plugin-syntax-optional-catch-binding/-/plugin-syntax-optional-catch-binding-7.0.0-beta.40.tgz#2e3de0919d05136bb658172ef9ba9ef7e84bce9e"

"@babel/plugin-transform-arrow-functions@7.0.0-beta.40":
  version "7.0.0-beta.40"
  resolved "https://registry.yarnpkg.com/@babel/plugin-transform-arrow-functions/-/plugin-transform-arrow-functions-7.0.0-beta.40.tgz#0842045b16835d6da0c334d0b09d575852f27962"

"@babel/plugin-transform-async-to-generator@7.0.0-beta.40":
  version "7.0.0-beta.40"
  resolved "https://registry.yarnpkg.com/@babel/plugin-transform-async-to-generator/-/plugin-transform-async-to-generator-7.0.0-beta.40.tgz#9195e2473a435b9a9aabc0b64572e9d1ec1c57cb"
  dependencies:
    "@babel/helper-module-imports" "7.0.0-beta.40"
    "@babel/helper-remap-async-to-generator" "7.0.0-beta.40"

"@babel/plugin-transform-block-scoped-functions@7.0.0-beta.40":
  version "7.0.0-beta.40"
  resolved "https://registry.yarnpkg.com/@babel/plugin-transform-block-scoped-functions/-/plugin-transform-block-scoped-functions-7.0.0-beta.40.tgz#491e61f860cabe69379233983fe7ca14f879e41f"

"@babel/plugin-transform-block-scoping@7.0.0-beta.40":
  version "7.0.0-beta.40"
  resolved "https://registry.yarnpkg.com/@babel/plugin-transform-block-scoping/-/plugin-transform-block-scoping-7.0.0-beta.40.tgz#23197ee6f696b7e5ace884f0dc5434df20d7dd97"
  dependencies:
    lodash "^4.2.0"

"@babel/plugin-transform-classes@7.0.0-beta.40":
  version "7.0.0-beta.40"
  resolved "https://registry.yarnpkg.com/@babel/plugin-transform-classes/-/plugin-transform-classes-7.0.0-beta.40.tgz#c7a752009df4bb0f77179027daa0783f9a036b0b"
  dependencies:
    "@babel/helper-annotate-as-pure" "7.0.0-beta.40"
    "@babel/helper-define-map" "7.0.0-beta.40"
    "@babel/helper-function-name" "7.0.0-beta.40"
    "@babel/helper-optimise-call-expression" "7.0.0-beta.40"
    "@babel/helper-replace-supers" "7.0.0-beta.40"
    globals "^11.1.0"

"@babel/plugin-transform-computed-properties@7.0.0-beta.40":
  version "7.0.0-beta.40"
  resolved "https://registry.yarnpkg.com/@babel/plugin-transform-computed-properties/-/plugin-transform-computed-properties-7.0.0-beta.40.tgz#e4bd53455d9f96882cc8e9923895d71690f6969e"

"@babel/plugin-transform-destructuring@7.0.0-beta.40", "@babel/plugin-transform-destructuring@^7.0.0-beta.40":
  version "7.0.0-beta.40"
  resolved "https://registry.yarnpkg.com/@babel/plugin-transform-destructuring/-/plugin-transform-destructuring-7.0.0-beta.40.tgz#503a4719eb9ed8c933b50d4ec3f106ed371852ee"

"@babel/plugin-transform-dotall-regex@7.0.0-beta.40":
  version "7.0.0-beta.40"
  resolved "https://registry.yarnpkg.com/@babel/plugin-transform-dotall-regex/-/plugin-transform-dotall-regex-7.0.0-beta.40.tgz#89b5ccff477624b97129f9a7e262a436437d7ae2"
  dependencies:
    "@babel/helper-regex" "7.0.0-beta.40"
    regexpu-core "^4.1.3"

"@babel/plugin-transform-duplicate-keys@7.0.0-beta.40":
  version "7.0.0-beta.40"
  resolved "https://registry.yarnpkg.com/@babel/plugin-transform-duplicate-keys/-/plugin-transform-duplicate-keys-7.0.0-beta.40.tgz#91599be229d4409cf3c9bbd094fb04d354bd8068"

"@babel/plugin-transform-exponentiation-operator@7.0.0-beta.40":
  version "7.0.0-beta.40"
  resolved "https://registry.yarnpkg.com/@babel/plugin-transform-exponentiation-operator/-/plugin-transform-exponentiation-operator-7.0.0-beta.40.tgz#bf0bafdd5aad7061c25dba25e29e12329838baeb"
  dependencies:
    "@babel/helper-builder-binary-assignment-operator-visitor" "7.0.0-beta.40"

"@babel/plugin-transform-for-of@7.0.0-beta.40":
  version "7.0.0-beta.40"
  resolved "https://registry.yarnpkg.com/@babel/plugin-transform-for-of/-/plugin-transform-for-of-7.0.0-beta.40.tgz#67920d749bac4840ceeae9907d918dad33908244"

"@babel/plugin-transform-function-name@7.0.0-beta.40":
  version "7.0.0-beta.40"
  resolved "https://registry.yarnpkg.com/@babel/plugin-transform-function-name/-/plugin-transform-function-name-7.0.0-beta.40.tgz#37b5ca4f90fba207d359c0be3af5bfecdc737a3d"
  dependencies:
    "@babel/helper-function-name" "7.0.0-beta.40"

"@babel/plugin-transform-literals@7.0.0-beta.40":
  version "7.0.0-beta.40"
  resolved "https://registry.yarnpkg.com/@babel/plugin-transform-literals/-/plugin-transform-literals-7.0.0-beta.40.tgz#a6bf8808f97accf42a171b27a133802aa0650d3e"

"@babel/plugin-transform-modules-amd@7.0.0-beta.40":
  version "7.0.0-beta.40"
  resolved "https://registry.yarnpkg.com/@babel/plugin-transform-modules-amd/-/plugin-transform-modules-amd-7.0.0-beta.40.tgz#1882f1a02b16d261a332c87c035c9aeefd402683"
  dependencies:
    "@babel/helper-module-transforms" "7.0.0-beta.40"

"@babel/plugin-transform-modules-commonjs@7.0.0-beta.40":
  version "7.0.0-beta.40"
  resolved "https://registry.yarnpkg.com/@babel/plugin-transform-modules-commonjs/-/plugin-transform-modules-commonjs-7.0.0-beta.40.tgz#a85f8c311f498a94a45531cc4ed5ff98b338a70a"
  dependencies:
    "@babel/helper-module-transforms" "7.0.0-beta.40"
    "@babel/helper-simple-access" "7.0.0-beta.40"

"@babel/plugin-transform-modules-systemjs@7.0.0-beta.40":
  version "7.0.0-beta.40"
  resolved "https://registry.yarnpkg.com/@babel/plugin-transform-modules-systemjs/-/plugin-transform-modules-systemjs-7.0.0-beta.40.tgz#808b372bdbe06a28bf7a3870d8e810bd7298227a"
  dependencies:
    "@babel/helper-hoist-variables" "7.0.0-beta.40"

"@babel/plugin-transform-modules-umd@7.0.0-beta.40":
  version "7.0.0-beta.40"
  resolved "https://registry.yarnpkg.com/@babel/plugin-transform-modules-umd/-/plugin-transform-modules-umd-7.0.0-beta.40.tgz#5bd4e395a2673e687ed592608ad2fd4883a5a119"
  dependencies:
    "@babel/helper-module-transforms" "7.0.0-beta.40"

"@babel/plugin-transform-new-target@7.0.0-beta.40":
  version "7.0.0-beta.40"
  resolved "https://registry.yarnpkg.com/@babel/plugin-transform-new-target/-/plugin-transform-new-target-7.0.0-beta.40.tgz#ee52bb87fbf325ac054811ec739b25fbce97809e"

"@babel/plugin-transform-object-super@7.0.0-beta.40":
  version "7.0.0-beta.40"
  resolved "https://registry.yarnpkg.com/@babel/plugin-transform-object-super/-/plugin-transform-object-super-7.0.0-beta.40.tgz#c64f9ba3587610d76c2edfdd8f507a59ea3ba63d"
  dependencies:
    "@babel/helper-replace-supers" "7.0.0-beta.40"

"@babel/plugin-transform-parameters@7.0.0-beta.40":
  version "7.0.0-beta.40"
  resolved "https://registry.yarnpkg.com/@babel/plugin-transform-parameters/-/plugin-transform-parameters-7.0.0-beta.40.tgz#efa366fab0dcbd0221b46aa2662c324b4b414d1d"
  dependencies:
    "@babel/helper-call-delegate" "7.0.0-beta.40"
    "@babel/helper-get-function-arity" "7.0.0-beta.40"

"@babel/plugin-transform-react-display-name@7.0.0-beta.40":
  version "7.0.0-beta.40"
  resolved "https://registry.yarnpkg.com/@babel/plugin-transform-react-display-name/-/plugin-transform-react-display-name-7.0.0-beta.40.tgz#2e9aba5d74da8ecee00d6d4bf68c833955355e4c"

"@babel/plugin-transform-react-jsx-self@7.0.0-beta.40":
  version "7.0.0-beta.40"
  resolved "https://registry.yarnpkg.com/@babel/plugin-transform-react-jsx-self/-/plugin-transform-react-jsx-self-7.0.0-beta.40.tgz#cbf0286ec9e52129840e16d1a173adb98e52fb97"
  dependencies:
    "@babel/plugin-syntax-jsx" "7.0.0-beta.40"

"@babel/plugin-transform-react-jsx-source@7.0.0-beta.40":
  version "7.0.0-beta.40"
  resolved "https://registry.yarnpkg.com/@babel/plugin-transform-react-jsx-source/-/plugin-transform-react-jsx-source-7.0.0-beta.40.tgz#7e62fe33f3e46c7f0d81d187d9c9aa348daa6488"
  dependencies:
    "@babel/plugin-syntax-jsx" "7.0.0-beta.40"

"@babel/plugin-transform-react-jsx@7.0.0-beta.40":
  version "7.0.0-beta.40"
  resolved "https://registry.yarnpkg.com/@babel/plugin-transform-react-jsx/-/plugin-transform-react-jsx-7.0.0-beta.40.tgz#93af0b0ef691cda86ab52d912b50f72eb538349d"
  dependencies:
    "@babel/helper-builder-react-jsx" "7.0.0-beta.40"
    "@babel/plugin-syntax-jsx" "7.0.0-beta.40"

"@babel/plugin-transform-regenerator@7.0.0-beta.40", "@babel/plugin-transform-regenerator@^7.0.0-beta.40":
  version "7.0.0-beta.40"
  resolved "https://registry.yarnpkg.com/@babel/plugin-transform-regenerator/-/plugin-transform-regenerator-7.0.0-beta.40.tgz#f8a89ce89a0fae8e9cdfc2f2768104811517374a"
  dependencies:
    regenerator-transform "^0.12.3"

"@babel/plugin-transform-runtime@^7.0.0-beta.40":
  version "7.0.0-beta.40"
  resolved "https://registry.yarnpkg.com/@babel/plugin-transform-runtime/-/plugin-transform-runtime-7.0.0-beta.40.tgz#6a4066affced4188b8eacb9e2fe13a5bca4c1542"
  dependencies:
    "@babel/helper-module-imports" "7.0.0-beta.40"

"@babel/plugin-transform-shorthand-properties@7.0.0-beta.40":
  version "7.0.0-beta.40"
  resolved "https://registry.yarnpkg.com/@babel/plugin-transform-shorthand-properties/-/plugin-transform-shorthand-properties-7.0.0-beta.40.tgz#421835237b0fcab0e67c941726d95dfc543514f4"

"@babel/plugin-transform-spread@7.0.0-beta.40":
  version "7.0.0-beta.40"
  resolved "https://registry.yarnpkg.com/@babel/plugin-transform-spread/-/plugin-transform-spread-7.0.0-beta.40.tgz#881578938e5750137301750bef7fdd0e01be76be"

"@babel/plugin-transform-sticky-regex@7.0.0-beta.40":
  version "7.0.0-beta.40"
  resolved "https://registry.yarnpkg.com/@babel/plugin-transform-sticky-regex/-/plugin-transform-sticky-regex-7.0.0-beta.40.tgz#5b44b31f8539fc66af18962e55752b82298032ee"
  dependencies:
    "@babel/helper-regex" "7.0.0-beta.40"

"@babel/plugin-transform-template-literals@7.0.0-beta.40":
  version "7.0.0-beta.40"
  resolved "https://registry.yarnpkg.com/@babel/plugin-transform-template-literals/-/plugin-transform-template-literals-7.0.0-beta.40.tgz#5ef3377d1294aee39b913768a1f884806a45393b"
  dependencies:
    "@babel/helper-annotate-as-pure" "7.0.0-beta.40"

"@babel/plugin-transform-typeof-symbol@7.0.0-beta.40":
  version "7.0.0-beta.40"
  resolved "https://registry.yarnpkg.com/@babel/plugin-transform-typeof-symbol/-/plugin-transform-typeof-symbol-7.0.0-beta.40.tgz#67f0b8a5dd298b0aa5b347c3b6738c9c7baf1bcf"

"@babel/plugin-transform-unicode-regex@7.0.0-beta.40":
  version "7.0.0-beta.40"
  resolved "https://registry.yarnpkg.com/@babel/plugin-transform-unicode-regex/-/plugin-transform-unicode-regex-7.0.0-beta.40.tgz#a956187aad2965d7c095d64b1ae87eba10e0a2c6"
  dependencies:
    "@babel/helper-regex" "7.0.0-beta.40"
    regexpu-core "^4.1.3"

"@babel/preset-env@^7.0.0-beta.40":
  version "7.0.0-beta.40"
  resolved "https://registry.yarnpkg.com/@babel/preset-env/-/preset-env-7.0.0-beta.40.tgz#713292f9e410f76b3f4301330756c89343c4b2e4"
  dependencies:
    "@babel/plugin-proposal-async-generator-functions" "7.0.0-beta.40"
    "@babel/plugin-proposal-object-rest-spread" "7.0.0-beta.40"
    "@babel/plugin-proposal-optional-catch-binding" "7.0.0-beta.40"
    "@babel/plugin-proposal-unicode-property-regex" "7.0.0-beta.40"
    "@babel/plugin-syntax-async-generators" "7.0.0-beta.40"
    "@babel/plugin-syntax-object-rest-spread" "7.0.0-beta.40"
    "@babel/plugin-syntax-optional-catch-binding" "7.0.0-beta.40"
    "@babel/plugin-transform-arrow-functions" "7.0.0-beta.40"
    "@babel/plugin-transform-async-to-generator" "7.0.0-beta.40"
    "@babel/plugin-transform-block-scoped-functions" "7.0.0-beta.40"
    "@babel/plugin-transform-block-scoping" "7.0.0-beta.40"
    "@babel/plugin-transform-classes" "7.0.0-beta.40"
    "@babel/plugin-transform-computed-properties" "7.0.0-beta.40"
    "@babel/plugin-transform-destructuring" "7.0.0-beta.40"
    "@babel/plugin-transform-dotall-regex" "7.0.0-beta.40"
    "@babel/plugin-transform-duplicate-keys" "7.0.0-beta.40"
    "@babel/plugin-transform-exponentiation-operator" "7.0.0-beta.40"
    "@babel/plugin-transform-for-of" "7.0.0-beta.40"
    "@babel/plugin-transform-function-name" "7.0.0-beta.40"
    "@babel/plugin-transform-literals" "7.0.0-beta.40"
    "@babel/plugin-transform-modules-amd" "7.0.0-beta.40"
    "@babel/plugin-transform-modules-commonjs" "7.0.0-beta.40"
    "@babel/plugin-transform-modules-systemjs" "7.0.0-beta.40"
    "@babel/plugin-transform-modules-umd" "7.0.0-beta.40"
    "@babel/plugin-transform-new-target" "7.0.0-beta.40"
    "@babel/plugin-transform-object-super" "7.0.0-beta.40"
    "@babel/plugin-transform-parameters" "7.0.0-beta.40"
    "@babel/plugin-transform-regenerator" "7.0.0-beta.40"
    "@babel/plugin-transform-shorthand-properties" "7.0.0-beta.40"
    "@babel/plugin-transform-spread" "7.0.0-beta.40"
    "@babel/plugin-transform-sticky-regex" "7.0.0-beta.40"
    "@babel/plugin-transform-template-literals" "7.0.0-beta.40"
    "@babel/plugin-transform-typeof-symbol" "7.0.0-beta.40"
    "@babel/plugin-transform-unicode-regex" "7.0.0-beta.40"
    browserslist "^3.0.0"
    invariant "^2.2.2"
    semver "^5.3.0"

"@babel/preset-react@^7.0.0-beta.40":
  version "7.0.0-beta.40"
  resolved "https://registry.yarnpkg.com/@babel/preset-react/-/preset-react-7.0.0-beta.40.tgz#ccc8f916b694c8ea4b4ccbd1584f873caf199557"
  dependencies:
    "@babel/plugin-syntax-jsx" "7.0.0-beta.40"
    "@babel/plugin-transform-react-display-name" "7.0.0-beta.40"
    "@babel/plugin-transform-react-jsx" "7.0.0-beta.40"
    "@babel/plugin-transform-react-jsx-self" "7.0.0-beta.40"
    "@babel/plugin-transform-react-jsx-source" "7.0.0-beta.40"

"@babel/template@7.0.0-beta.40":
  version "7.0.0-beta.40"
  resolved "https://registry.yarnpkg.com/@babel/template/-/template-7.0.0-beta.40.tgz#034988c6424eb5c3268fe6a608626de1f4410fc8"
  dependencies:
    "@babel/code-frame" "7.0.0-beta.40"
    "@babel/types" "7.0.0-beta.40"
    babylon "7.0.0-beta.40"
    lodash "^4.2.0"

"@babel/traverse@7.0.0-beta.40":
  version "7.0.0-beta.40"
  resolved "https://registry.yarnpkg.com/@babel/traverse/-/traverse-7.0.0-beta.40.tgz#d140e449b2e093ef9fe1a2eecc28421ffb4e521e"
  dependencies:
    "@babel/code-frame" "7.0.0-beta.40"
    "@babel/generator" "7.0.0-beta.40"
    "@babel/helper-function-name" "7.0.0-beta.40"
    "@babel/types" "7.0.0-beta.40"
    babylon "7.0.0-beta.40"
    debug "^3.0.1"
    globals "^11.1.0"
    invariant "^2.2.0"
    lodash "^4.2.0"

"@babel/types@7.0.0-beta.40":
  version "7.0.0-beta.40"
  resolved "https://registry.yarnpkg.com/@babel/types/-/types-7.0.0-beta.40.tgz#25c3d7aae14126abe05fcb098c65a66b6d6b8c14"
  dependencies:
    esutils "^2.0.2"
    lodash "^4.2.0"
    to-fast-properties "^2.0.0"

ansi-styles@^3.2.0:
  version "3.2.0"
  resolved "https://registry.yarnpkg.com/ansi-styles/-/ansi-styles-3.2.0.tgz#c159b8d5be0f9e5a6f346dab94f16ce022161b88"
  dependencies:
    color-convert "^1.9.0"

babel-plugin-dynamic-import-node@1.2.0:
  version "1.2.0"
  resolved "https://registry.yarnpkg.com/babel-plugin-dynamic-import-node/-/babel-plugin-dynamic-import-node-1.2.0.tgz#f91631e703e0595e47d4beafbb088576c87fbeee"
  dependencies:
    babel-plugin-syntax-dynamic-import "^6.18.0"

babel-plugin-syntax-dynamic-import@^6.18.0:
  version "6.18.0"
  resolved "https://registry.yarnpkg.com/babel-plugin-syntax-dynamic-import/-/babel-plugin-syntax-dynamic-import-6.18.0.tgz#8d6a26229c83745a9982a441051572caa179b1da"

babel-plugin-transform-react-remove-prop-types@0.4.13:
  version "0.4.13"
  resolved "https://registry.yarnpkg.com/babel-plugin-transform-react-remove-prop-types/-/babel-plugin-transform-react-remove-prop-types-0.4.13.tgz#331cfc05099a808238311d78319c27460d481189"

babylon@7.0.0-beta.40:
  version "7.0.0-beta.40"
  resolved "https://registry.yarnpkg.com/babylon/-/babylon-7.0.0-beta.40.tgz#91fc8cd56d5eb98b28e6fde41045f2957779940a"

browserslist@^3.0.0:
  version "3.1.1"
  resolved "https://registry.yarnpkg.com/browserslist/-/browserslist-3.1.1.tgz#d380fc048bc3a33e60fb87dc135110ebaaa6320a"
  dependencies:
    caniuse-lite "^1.0.30000809"
    electron-to-chromium "^1.3.33"

caniuse-lite@^1.0.30000809:
  version "1.0.30000809"
  resolved "https://registry.yarnpkg.com/caniuse-lite/-/caniuse-lite-1.0.30000809.tgz#1e12c1344b8f74d56737ee2614bcedb648943479"

chalk@^2.0.0:
  version "2.3.1"
  resolved "https://registry.yarnpkg.com/chalk/-/chalk-2.3.1.tgz#523fe2678aec7b04e8041909292fe8b17059b796"
  dependencies:
    ansi-styles "^3.2.0"
    escape-string-regexp "^1.0.5"
    supports-color "^5.2.0"

color-convert@^1.9.0:
  version "1.9.1"
  resolved "https://registry.yarnpkg.com/color-convert/-/color-convert-1.9.1.tgz#c1261107aeb2f294ebffec9ed9ecad529a6097ed"
  dependencies:
    color-name "^1.1.1"

color-name@^1.1.1:
  version "1.1.3"
  resolved "https://registry.yarnpkg.com/color-name/-/color-name-1.1.3.tgz#a7d0558bd89c42f795dd42328f740831ca53bc25"

debug@^3.0.1:
  version "3.1.0"
  resolved "https://registry.yarnpkg.com/debug/-/debug-3.1.0.tgz#5bb5a0672628b64149566ba16819e61518c67261"
  dependencies:
    ms "2.0.0"

electron-to-chromium@^1.3.33:
  version "1.3.33"
  resolved "https://registry.yarnpkg.com/electron-to-chromium/-/electron-to-chromium-1.3.33.tgz#bf00703d62a7c65238136578c352d6c5c042a545"

escape-string-regexp@^1.0.5:
  version "1.0.5"
  resolved "https://registry.yarnpkg.com/escape-string-regexp/-/escape-string-regexp-1.0.5.tgz#1b61c0562190a8dff6ae3bb2cf0200ca130b86d4"

esutils@^2.0.0, esutils@^2.0.2:
  version "2.0.2"
  resolved "https://registry.yarnpkg.com/esutils/-/esutils-2.0.2.tgz#0abf4f1caa5bcb1f7a9d8acc6dea4faaa04bac9b"

globals@^11.1.0:
  version "11.3.0"
  resolved "https://registry.yarnpkg.com/globals/-/globals-11.3.0.tgz#e04fdb7b9796d8adac9c8f64c14837b2313378b0"

has-flag@^3.0.0:
  version "3.0.0"
  resolved "https://registry.yarnpkg.com/has-flag/-/has-flag-3.0.0.tgz#b5d454dc2199ae225699f3467e5a07f3b955bafd"

invariant@^2.2.0, invariant@^2.2.2:
  version "2.2.2"
  resolved "https://registry.yarnpkg.com/invariant/-/invariant-2.2.2.tgz#9e1f56ac0acdb6bf303306f338be3b204ae60360"
  dependencies:
    loose-envify "^1.0.0"

js-tokens@^3.0.0:
  version "3.0.2"
  resolved "https://registry.yarnpkg.com/js-tokens/-/js-tokens-3.0.2.tgz#9866df395102130e38f7f996bceb65443209c25b"

jsesc@^2.5.1:
  version "2.5.1"
  resolved "https://registry.yarnpkg.com/jsesc/-/jsesc-2.5.1.tgz#e421a2a8e20d6b0819df28908f782526b96dd1fe"

jsesc@~0.5.0:
  version "0.5.0"
  resolved "https://registry.yarnpkg.com/jsesc/-/jsesc-0.5.0.tgz#e7dee66e35d6fc16f710fe91d5cf69f70f08911d"

lodash@^4.2.0:
  version "4.17.5"
  resolved "https://registry.yarnpkg.com/lodash/-/lodash-4.17.5.tgz#99a92d65c0272debe8c96b6057bc8fbfa3bed511"

loose-envify@^1.0.0:
  version "1.3.1"
  resolved "https://registry.yarnpkg.com/loose-envify/-/loose-envify-1.3.1.tgz#d1a8ad33fa9ce0e713d65fdd0ac8b748d478c848"
  dependencies:
    js-tokens "^3.0.0"

ms@2.0.0:
  version "2.0.0"
  resolved "https://registry.yarnpkg.com/ms/-/ms-2.0.0.tgz#5608aeadfc00be6c2901df5f9861788de0d597c8"

private@^0.1.6:
  version "0.1.8"
  resolved "https://registry.yarnpkg.com/private/-/private-0.1.8.tgz#2381edb3689f7a53d653190060fcf822d2f368ff"

regenerate-unicode-properties@^5.1.1:
  version "5.1.3"
  resolved "https://registry.yarnpkg.com/regenerate-unicode-properties/-/regenerate-unicode-properties-5.1.3.tgz#54f5891543468f36f2274b67c6bc4c033c27b308"
  dependencies:
    regenerate "^1.3.3"

regenerate@^1.3.3:
  version "1.3.3"
  resolved "https://registry.yarnpkg.com/regenerate/-/regenerate-1.3.3.tgz#0c336d3980553d755c39b586ae3b20aa49c82b7f"

regenerator-transform@^0.12.3:
  version "0.12.3"
  resolved "https://registry.yarnpkg.com/regenerator-transform/-/regenerator-transform-0.12.3.tgz#459adfb64f6a27164ab991b7873f45ab969eca8b"
  dependencies:
    private "^0.1.6"

regexpu-core@^4.1.3:
  version "4.1.3"
  resolved "https://registry.yarnpkg.com/regexpu-core/-/regexpu-core-4.1.3.tgz#fb81616dbbc2a917a7419b33f8379144f51eb8d0"
  dependencies:
    regenerate "^1.3.3"
    regenerate-unicode-properties "^5.1.1"
    regjsgen "^0.3.0"
    regjsparser "^0.2.1"
    unicode-match-property-ecmascript "^1.0.3"
    unicode-match-property-value-ecmascript "^1.0.1"

regjsgen@^0.3.0:
  version "0.3.0"
  resolved "https://registry.yarnpkg.com/regjsgen/-/regjsgen-0.3.0.tgz#0ee4a3e9276430cda25f1e789ea6c15b87b0cb43"

regjsparser@^0.2.1:
  version "0.2.1"
  resolved "https://registry.yarnpkg.com/regjsparser/-/regjsparser-0.2.1.tgz#c3787553faf04e775c302102ef346d995000ec1c"
  dependencies:
    jsesc "~0.5.0"

semver@^5.3.0:
  version "5.5.0"
  resolved "https://registry.yarnpkg.com/semver/-/semver-5.5.0.tgz#dc4bbc7a6ca9d916dee5d43516f0092b58f7b8ab"

source-map@^0.5.0:
  version "0.5.7"
  resolved "https://registry.yarnpkg.com/source-map/-/source-map-0.5.7.tgz#8a039d2d1021d22d1ea14c80d8ea468ba2ef3fcc"

supports-color@^5.2.0:
  version "5.2.0"
  resolved "https://registry.yarnpkg.com/supports-color/-/supports-color-5.2.0.tgz#b0d5333b1184dd3666cbe5aa0b45c5ac7ac17a4a"
  dependencies:
    has-flag "^3.0.0"

to-fast-properties@^2.0.0:
  version "2.0.0"
  resolved "https://registry.yarnpkg.com/to-fast-properties/-/to-fast-properties-2.0.0.tgz#dc5e698cbd079265bc73e0377681a4e4e83f616e"

trim-right@^1.0.1:
  version "1.0.1"
  resolved "https://registry.yarnpkg.com/trim-right/-/trim-right-1.0.1.tgz#cb2e1203067e0c8de1f614094b9fe45704ea6003"

unicode-canonical-property-names-ecmascript@^1.0.2:
  version "1.0.3"
  resolved "https://registry.yarnpkg.com/unicode-canonical-property-names-ecmascript/-/unicode-canonical-property-names-ecmascript-1.0.3.tgz#f6119f417467593c0086357c85546b6ad5abc583"

unicode-match-property-ecmascript@^1.0.3:
  version "1.0.3"
  resolved "https://registry.yarnpkg.com/unicode-match-property-ecmascript/-/unicode-match-property-ecmascript-1.0.3.tgz#db9b1cb4ffc67e0c5583780b1b59370e4cbe97b9"
  dependencies:
    unicode-canonical-property-names-ecmascript "^1.0.2"
    unicode-property-aliases-ecmascript "^1.0.3"

unicode-match-property-value-ecmascript@^1.0.1:
  version "1.0.1"
  resolved "https://registry.yarnpkg.com/unicode-match-property-value-ecmascript/-/unicode-match-property-value-ecmascript-1.0.1.tgz#fea059120a016f403afd3bf586162b4db03e0604"

unicode-property-aliases-ecmascript@^1.0.3:
  version "1.0.3"
  resolved "https://registry.yarnpkg.com/unicode-property-aliases-ecmascript/-/unicode-property-aliases-ecmascript-1.0.3.tgz#ac3522583b9e630580f916635333e00c5ead690d"
