# THIS IS AN AUTOGENERATED FILE. DO NOT EDIT THIS FILE DIRECTLY.
# yarn lockfile v1


"@babel/code-frame@7.0.0-beta.38":
  version "7.0.0-beta.38"
  resolved "https://registry.npmjs.org/@babel/code-frame/-/code-frame-7.0.0-beta.38.tgz#c0af5930617e55e050336838e3a3670983b0b2b2"
  dependencies:
    chalk "^2.0.0"
    esutils "^2.0.2"
    js-tokens "^3.0.0"

"@babel/core@^7.0.0-beta.37":
  version "7.0.0-beta.38"
  resolved "https://registry.npmjs.org/@babel/core/-/core-7.0.0-beta.38.tgz#f669abfd5ca918a53cfef45eb57d9efd8d8eac5b"
  dependencies:
    "@babel/code-frame" "7.0.0-beta.38"
    "@babel/generator" "7.0.0-beta.38"
    "@babel/helpers" "7.0.0-beta.38"
    "@babel/template" "7.0.0-beta.38"
    "@babel/traverse" "7.0.0-beta.38"
    "@babel/types" "7.0.0-beta.38"
    babylon "7.0.0-beta.38"
    convert-source-map "^1.1.0"
    debug "^3.0.1"
    json5 "^0.5.0"
    lodash "^4.2.0"
    micromatch "^2.3.11"
    resolve "^1.3.2"
    source-map "^0.5.0"

"@babel/generator@7.0.0-beta.38":
  version "7.0.0-beta.38"
  resolved "https://registry.npmjs.org/@babel/generator/-/generator-7.0.0-beta.38.tgz#6115a66663e3adfd1d6844029ffb2354680182eb"
  dependencies:
    "@babel/types" "7.0.0-beta.38"
    jsesc "^2.5.1"
    lodash "^4.2.0"
    source-map "^0.5.0"
    trim-right "^1.0.1"

"@babel/helper-annotate-as-pure@7.0.0-beta.38":
  version "7.0.0-beta.38"
  resolved "https://registry.npmjs.org/@babel/helper-annotate-as-pure/-/helper-annotate-as-pure-7.0.0-beta.38.tgz#888cf28a1b9094d670dbdb1be1ec550b40c2dd9c"
  dependencies:
    "@babel/types" "7.0.0-beta.38"

"@babel/helper-builder-binary-assignment-operator-visitor@7.0.0-beta.38":
  version "7.0.0-beta.38"
  resolved "https://registry.npmjs.org/@babel/helper-builder-binary-assignment-operator-visitor/-/helper-builder-binary-assignment-operator-visitor-7.0.0-beta.38.tgz#df74851ac6dd5a5f3e4b2b2db7fec76097c5434e"
  dependencies:
    "@babel/helper-explode-assignable-expression" "7.0.0-beta.38"
    "@babel/types" "7.0.0-beta.38"

"@babel/helper-builder-react-jsx@7.0.0-beta.38":
  version "7.0.0-beta.38"
  resolved "https://registry.npmjs.org/@babel/helper-builder-react-jsx/-/helper-builder-react-jsx-7.0.0-beta.38.tgz#a6f8ffcdd3d48a257e33cfcc1f089e16bd2ce7de"
  dependencies:
    "@babel/types" "7.0.0-beta.38"
    esutils "^2.0.0"

"@babel/helper-call-delegate@7.0.0-beta.38":
  version "7.0.0-beta.38"
  resolved "https://registry.npmjs.org/@babel/helper-call-delegate/-/helper-call-delegate-7.0.0-beta.38.tgz#662b1063f9b2d2c525303835208c0b6453536706"
  dependencies:
    "@babel/helper-hoist-variables" "7.0.0-beta.38"
    "@babel/traverse" "7.0.0-beta.38"
    "@babel/types" "7.0.0-beta.38"

"@babel/helper-define-map@7.0.0-beta.38":
  version "7.0.0-beta.38"
  resolved "https://registry.npmjs.org/@babel/helper-define-map/-/helper-define-map-7.0.0-beta.38.tgz#7b816f9b31e53c808b69d2c1d469903349d1d534"
  dependencies:
    "@babel/helper-function-name" "7.0.0-beta.38"
    "@babel/types" "7.0.0-beta.38"
    lodash "^4.2.0"

"@babel/helper-explode-assignable-expression@7.0.0-beta.38":
  version "7.0.0-beta.38"
  resolved "https://registry.npmjs.org/@babel/helper-explode-assignable-expression/-/helper-explode-assignable-expression-7.0.0-beta.38.tgz#f21aa340676e0b21dc9ef1f8fe9674b4e4b6d562"
  dependencies:
    "@babel/traverse" "7.0.0-beta.38"
    "@babel/types" "7.0.0-beta.38"

"@babel/helper-function-name@7.0.0-beta.38":
  version "7.0.0-beta.38"
  resolved "https://registry.npmjs.org/@babel/helper-function-name/-/helper-function-name-7.0.0-beta.38.tgz#dc6e74930efc7b0236b5ba72a633d34c778ba015"
  dependencies:
    "@babel/helper-get-function-arity" "7.0.0-beta.38"
    "@babel/template" "7.0.0-beta.38"
    "@babel/types" "7.0.0-beta.38"

"@babel/helper-get-function-arity@7.0.0-beta.38":
  version "7.0.0-beta.38"
  resolved "https://registry.npmjs.org/@babel/helper-get-function-arity/-/helper-get-function-arity-7.0.0-beta.38.tgz#5c27de7641ac31da6e947dcc8009bd31282d9d84"
  dependencies:
    "@babel/types" "7.0.0-beta.38"

"@babel/helper-hoist-variables@7.0.0-beta.38":
  version "7.0.0-beta.38"
  resolved "https://registry.npmjs.org/@babel/helper-hoist-variables/-/helper-hoist-variables-7.0.0-beta.38.tgz#932b80eee6839ccc0f1efe48a9576a170b041fd2"
  dependencies:
    "@babel/types" "7.0.0-beta.38"

"@babel/helper-module-imports@7.0.0-beta.38":
  version "7.0.0-beta.38"
  resolved "https://registry.npmjs.org/@babel/helper-module-imports/-/helper-module-imports-7.0.0-beta.38.tgz#1b3a6dd9105cc0c7fc0d67d44a08706eb4a506a1"
  dependencies:
    "@babel/types" "7.0.0-beta.38"
    lodash "^4.2.0"

"@babel/helper-module-transforms@7.0.0-beta.38":
  version "7.0.0-beta.38"
  resolved "https://registry.npmjs.org/@babel/helper-module-transforms/-/helper-module-transforms-7.0.0-beta.38.tgz#1e2bc59a5daa7a8dd79f65653c594ed5c0c650be"
  dependencies:
    "@babel/helper-module-imports" "7.0.0-beta.38"
    "@babel/helper-simple-access" "7.0.0-beta.38"
    "@babel/template" "7.0.0-beta.38"
    "@babel/types" "7.0.0-beta.38"
    lodash "^4.2.0"

"@babel/helper-optimise-call-expression@7.0.0-beta.38":
  version "7.0.0-beta.38"
  resolved "https://registry.npmjs.org/@babel/helper-optimise-call-expression/-/helper-optimise-call-expression-7.0.0-beta.38.tgz#b71cd35565f3396a7a122ee1d6bf04444e864406"
  dependencies:
    "@babel/types" "7.0.0-beta.38"

"@babel/helper-regex@7.0.0-beta.38":
  version "7.0.0-beta.38"
  resolved "https://registry.npmjs.org/@babel/helper-regex/-/helper-regex-7.0.0-beta.38.tgz#3d6ff2bf9d2d1fc6e03cf7f1ec962a7f76fd5cd0"
  dependencies:
    lodash "^4.2.0"

"@babel/helper-remap-async-to-generator@7.0.0-beta.38":
  version "7.0.0-beta.38"
  resolved "https://registry.npmjs.org/@babel/helper-remap-async-to-generator/-/helper-remap-async-to-generator-7.0.0-beta.38.tgz#6e21e1520342d5567db08a033c313cfa7c846a20"
  dependencies:
    "@babel/helper-annotate-as-pure" "7.0.0-beta.38"
    "@babel/helper-wrap-function" "7.0.0-beta.38"
    "@babel/template" "7.0.0-beta.38"
    "@babel/traverse" "7.0.0-beta.38"
    "@babel/types" "7.0.0-beta.38"

"@babel/helper-replace-supers@7.0.0-beta.38":
  version "7.0.0-beta.38"
  resolved "https://registry.npmjs.org/@babel/helper-replace-supers/-/helper-replace-supers-7.0.0-beta.38.tgz#386705195271678ca7bbca9a0783173fecf14410"
  dependencies:
    "@babel/helper-optimise-call-expression" "7.0.0-beta.38"
    "@babel/template" "7.0.0-beta.38"
    "@babel/traverse" "7.0.0-beta.38"
    "@babel/types" "7.0.0-beta.38"

"@babel/helper-simple-access@7.0.0-beta.38":
  version "7.0.0-beta.38"
  resolved "https://registry.npmjs.org/@babel/helper-simple-access/-/helper-simple-access-7.0.0-beta.38.tgz#98bd95b2a2489dcbe8eae93022de758ce53370d3"
  dependencies:
    "@babel/template" "7.0.0-beta.38"
    "@babel/types" "7.0.0-beta.38"
    lodash "^4.2.0"

"@babel/helper-wrap-function@7.0.0-beta.38":
  version "7.0.0-beta.38"
  resolved "https://registry.npmjs.org/@babel/helper-wrap-function/-/helper-wrap-function-7.0.0-beta.38.tgz#91605a09a193cf6939489f7fc066a353876ee506"
  dependencies:
    "@babel/helper-function-name" "7.0.0-beta.38"
    "@babel/template" "7.0.0-beta.38"
    "@babel/traverse" "7.0.0-beta.38"
    "@babel/types" "7.0.0-beta.38"

"@babel/helpers@7.0.0-beta.38":
  version "7.0.0-beta.38"
  resolved "https://registry.npmjs.org/@babel/helpers/-/helpers-7.0.0-beta.38.tgz#1e1695d55ead37757d339f5756b4c7316e0d70bb"
  dependencies:
    "@babel/template" "7.0.0-beta.38"
    "@babel/traverse" "7.0.0-beta.38"
    "@babel/types" "7.0.0-beta.38"

"@babel/plugin-check-constants@7.0.0-beta.38":
  version "7.0.0-beta.38"
  resolved "https://registry.npmjs.org/@babel/plugin-check-constants/-/plugin-check-constants-7.0.0-beta.38.tgz#bbda6306d45a4f097ccb416c0b52d6503f6502cf"

"@babel/plugin-proposal-async-generator-functions@7.0.0-beta.38":
  version "7.0.0-beta.38"
  resolved "https://registry.npmjs.org/@babel/plugin-proposal-async-generator-functions/-/plugin-proposal-async-generator-functions-7.0.0-beta.38.tgz#47d5a95698f7b55d8a73aade719c0c5c3e340896"
  dependencies:
    "@babel/helper-remap-async-to-generator" "7.0.0-beta.38"
    "@babel/plugin-syntax-async-generators" "7.0.0-beta.38"

"@babel/plugin-proposal-class-properties@^7.0.0-beta.37":
  version "7.0.0-beta.38"
  resolved "https://registry.npmjs.org/@babel/plugin-proposal-class-properties/-/plugin-proposal-class-properties-7.0.0-beta.38.tgz#3cfa2fdedf7017ee14472d6859c3fb98654c0f22"
  dependencies:
    "@babel/helper-function-name" "7.0.0-beta.38"
    "@babel/plugin-syntax-class-properties" "7.0.0-beta.38"

"@babel/plugin-proposal-object-rest-spread@7.0.0-beta.38", "@babel/plugin-proposal-object-rest-spread@^7.0.0-beta.37":
  version "7.0.0-beta.38"
  resolved "https://registry.npmjs.org/@babel/plugin-proposal-object-rest-spread/-/plugin-proposal-object-rest-spread-7.0.0-beta.38.tgz#4c9bee9cd4d905bf7531a722daf430183282c000"
  dependencies:
    "@babel/plugin-syntax-object-rest-spread" "7.0.0-beta.38"

"@babel/plugin-proposal-optional-catch-binding@7.0.0-beta.38":
  version "7.0.0-beta.38"
  resolved "https://registry.npmjs.org/@babel/plugin-proposal-optional-catch-binding/-/plugin-proposal-optional-catch-binding-7.0.0-beta.38.tgz#9f6b9e8540d374d9a2a17b96243768f2d22d0366"
  dependencies:
    "@babel/plugin-syntax-optional-catch-binding" "7.0.0-beta.38"

"@babel/plugin-proposal-unicode-property-regex@7.0.0-beta.38":
  version "7.0.0-beta.38"
  resolved "https://registry.npmjs.org/@babel/plugin-proposal-unicode-property-regex/-/plugin-proposal-unicode-property-regex-7.0.0-beta.38.tgz#dde2dbe98ee6cae5bbb8c33097a2cc2566b3ef4e"
  dependencies:
    "@babel/helper-regex" "7.0.0-beta.38"
    regexpu-core "^4.1.3"

"@babel/plugin-syntax-async-generators@7.0.0-beta.38":
  version "7.0.0-beta.38"
  resolved "https://registry.npmjs.org/@babel/plugin-syntax-async-generators/-/plugin-syntax-async-generators-7.0.0-beta.38.tgz#1224bcd4a5052e6e4c0eb95c96bbe9f617a119f4"

"@babel/plugin-syntax-class-properties@7.0.0-beta.38":
  version "7.0.0-beta.38"
  resolved "https://registry.npmjs.org/@babel/plugin-syntax-class-properties/-/plugin-syntax-class-properties-7.0.0-beta.38.tgz#e06a9bf6446611d78dfc71f84cddfe9219fb2829"

"@babel/plugin-syntax-dynamic-import@^7.0.0-beta.37":
  version "7.0.0-beta.38"
  resolved "https://registry.npmjs.org/@babel/plugin-syntax-dynamic-import/-/plugin-syntax-dynamic-import-7.0.0-beta.38.tgz#b74bc5d57b4cbe6a341570ea6d7db9ffba450f7b"

"@babel/plugin-syntax-jsx@7.0.0-beta.38":
  version "7.0.0-beta.38"
  resolved "https://registry.npmjs.org/@babel/plugin-syntax-jsx/-/plugin-syntax-jsx-7.0.0-beta.38.tgz#1644f05630105cdbf0d6b4285f62af79fd8dd37f"

"@babel/plugin-syntax-object-rest-spread@7.0.0-beta.38":
  version "7.0.0-beta.38"
  resolved "https://registry.npmjs.org/@babel/plugin-syntax-object-rest-spread/-/plugin-syntax-object-rest-spread-7.0.0-beta.38.tgz#a7288d08b5f3a3bf823c76f11118eb43dee74d43"

"@babel/plugin-syntax-optional-catch-binding@7.0.0-beta.38":
  version "7.0.0-beta.38"
  resolved "https://registry.npmjs.org/@babel/plugin-syntax-optional-catch-binding/-/plugin-syntax-optional-catch-binding-7.0.0-beta.38.tgz#99248ece1c5c6111d71182e206682048d93759e4"

"@babel/plugin-transform-arrow-functions@7.0.0-beta.38":
  version "7.0.0-beta.38"
  resolved "https://registry.npmjs.org/@babel/plugin-transform-arrow-functions/-/plugin-transform-arrow-functions-7.0.0-beta.38.tgz#fa52742f2bf664ed0d56a5015b330880fa6646ef"

"@babel/plugin-transform-async-to-generator@7.0.0-beta.38":
  version "7.0.0-beta.38"
  resolved "https://registry.npmjs.org/@babel/plugin-transform-async-to-generator/-/plugin-transform-async-to-generator-7.0.0-beta.38.tgz#54eb524d5ad7ca4309d6df0c9b0f66faf8ffb8d1"
  dependencies:
    "@babel/helper-module-imports" "7.0.0-beta.38"
    "@babel/helper-remap-async-to-generator" "7.0.0-beta.38"

"@babel/plugin-transform-block-scoped-functions@7.0.0-beta.38":
  version "7.0.0-beta.38"
  resolved "https://registry.npmjs.org/@babel/plugin-transform-block-scoped-functions/-/plugin-transform-block-scoped-functions-7.0.0-beta.38.tgz#4916fda0396c572e895f15519c812f1a65ecc093"

"@babel/plugin-transform-block-scoping@7.0.0-beta.38":
  version "7.0.0-beta.38"
  resolved "https://registry.npmjs.org/@babel/plugin-transform-block-scoping/-/plugin-transform-block-scoping-7.0.0-beta.38.tgz#1d8dd4d080be2999115f575831ee05eb157aeb15"
  dependencies:
    lodash "^4.2.0"

"@babel/plugin-transform-classes@7.0.0-beta.38":
  version "7.0.0-beta.38"
  resolved "https://registry.npmjs.org/@babel/plugin-transform-classes/-/plugin-transform-classes-7.0.0-beta.38.tgz#6237a40053f5e9b7e220431195d7342b1f276095"
  dependencies:
    "@babel/helper-annotate-as-pure" "7.0.0-beta.38"
    "@babel/helper-define-map" "7.0.0-beta.38"
    "@babel/helper-function-name" "7.0.0-beta.38"
    "@babel/helper-optimise-call-expression" "7.0.0-beta.38"
    "@babel/helper-replace-supers" "7.0.0-beta.38"
    globals "^11.1.0"

"@babel/plugin-transform-computed-properties@7.0.0-beta.38":
  version "7.0.0-beta.38"
  resolved "https://registry.npmjs.org/@babel/plugin-transform-computed-properties/-/plugin-transform-computed-properties-7.0.0-beta.38.tgz#6284a0d8650ac7d543a763230c614ba7bfa58c26"

"@babel/plugin-transform-destructuring@7.0.0-beta.38":
  version "7.0.0-beta.38"
  resolved "https://registry.npmjs.org/@babel/plugin-transform-destructuring/-/plugin-transform-destructuring-7.0.0-beta.38.tgz#149475cf317d4fd30a4a05c27320019d214decbd"

"@babel/plugin-transform-dotall-regex@7.0.0-beta.38":
  version "7.0.0-beta.38"
  resolved "https://registry.npmjs.org/@babel/plugin-transform-dotall-regex/-/plugin-transform-dotall-regex-7.0.0-beta.38.tgz#65f6bf180c3d7a87773db672c26192e361d0f7ed"
  dependencies:
    "@babel/helper-regex" "7.0.0-beta.38"
    regexpu-core "^4.1.3"

"@babel/plugin-transform-duplicate-keys@7.0.0-beta.38":
  version "7.0.0-beta.38"
  resolved "https://registry.npmjs.org/@babel/plugin-transform-duplicate-keys/-/plugin-transform-duplicate-keys-7.0.0-beta.38.tgz#b120bccd8eb4f2886e8323e41ad118bb244c0fa8"

"@babel/plugin-transform-exponentiation-operator@7.0.0-beta.38":
  version "7.0.0-beta.38"
  resolved "https://registry.npmjs.org/@babel/plugin-transform-exponentiation-operator/-/plugin-transform-exponentiation-operator-7.0.0-beta.38.tgz#3c23f57a6f8d50cfcd13270269bb35de21aad666"
  dependencies:
    "@babel/helper-builder-binary-assignment-operator-visitor" "7.0.0-beta.38"

"@babel/plugin-transform-for-of@7.0.0-beta.38":
  version "7.0.0-beta.38"
  resolved "https://registry.npmjs.org/@babel/plugin-transform-for-of/-/plugin-transform-for-of-7.0.0-beta.38.tgz#fbca88770877d45c6bf26b492e4b126ee43b8111"

"@babel/plugin-transform-function-name@7.0.0-beta.38":
  version "7.0.0-beta.38"
  resolved "https://registry.npmjs.org/@babel/plugin-transform-function-name/-/plugin-transform-function-name-7.0.0-beta.38.tgz#90bfa9f6a109e5878d9472869aa4032fce2f205a"
  dependencies:
    "@babel/helper-function-name" "7.0.0-beta.38"

"@babel/plugin-transform-literals@7.0.0-beta.38":
  version "7.0.0-beta.38"
  resolved "https://registry.npmjs.org/@babel/plugin-transform-literals/-/plugin-transform-literals-7.0.0-beta.38.tgz#5ec8f714bcea508073476ae7d13e108ac9bd4f11"

"@babel/plugin-transform-modules-amd@7.0.0-beta.38":
  version "7.0.0-beta.38"
  resolved "https://registry.npmjs.org/@babel/plugin-transform-modules-amd/-/plugin-transform-modules-amd-7.0.0-beta.38.tgz#b7bd10a994802629d469f99575e943e0a0cad516"
  dependencies:
    "@babel/helper-module-transforms" "7.0.0-beta.38"

"@babel/plugin-transform-modules-commonjs@7.0.0-beta.38":
  version "7.0.0-beta.38"
  resolved "https://registry.npmjs.org/@babel/plugin-transform-modules-commonjs/-/plugin-transform-modules-commonjs-7.0.0-beta.38.tgz#3a8245de5bb1ce33eaf80e87a7e115fd11e8dac5"
  dependencies:
    "@babel/helper-module-transforms" "7.0.0-beta.38"
    "@babel/helper-simple-access" "7.0.0-beta.38"

"@babel/plugin-transform-modules-systemjs@7.0.0-beta.38":
  version "7.0.0-beta.38"
  resolved "https://registry.npmjs.org/@babel/plugin-transform-modules-systemjs/-/plugin-transform-modules-systemjs-7.0.0-beta.38.tgz#755a8561a3a347ea230970b4ab9ea8c3b444cc95"
  dependencies:
    "@babel/helper-hoist-variables" "7.0.0-beta.38"

"@babel/plugin-transform-modules-umd@7.0.0-beta.38":
  version "7.0.0-beta.38"
  resolved "https://registry.npmjs.org/@babel/plugin-transform-modules-umd/-/plugin-transform-modules-umd-7.0.0-beta.38.tgz#72647506835faba43f5df2b07629482f85a86218"
  dependencies:
    "@babel/helper-module-transforms" "7.0.0-beta.38"

"@babel/plugin-transform-new-target@7.0.0-beta.38":
  version "7.0.0-beta.38"
  resolved "https://registry.npmjs.org/@babel/plugin-transform-new-target/-/plugin-transform-new-target-7.0.0-beta.38.tgz#0a44713d73993063d9166a9238ed5fe1419e7a05"

"@babel/plugin-transform-object-super@7.0.0-beta.38":
  version "7.0.0-beta.38"
  resolved "https://registry.npmjs.org/@babel/plugin-transform-object-super/-/plugin-transform-object-super-7.0.0-beta.38.tgz#11e537ed0f64d6731a82f8bfb882c60308924367"
  dependencies:
    "@babel/helper-replace-supers" "7.0.0-beta.38"

"@babel/plugin-transform-parameters@7.0.0-beta.38":
  version "7.0.0-beta.38"
  resolved "https://registry.npmjs.org/@babel/plugin-transform-parameters/-/plugin-transform-parameters-7.0.0-beta.38.tgz#7cbcff7d4add9e1d58a4b6c340d1feebd31014cc"
  dependencies:
    "@babel/helper-call-delegate" "7.0.0-beta.38"
    "@babel/helper-get-function-arity" "7.0.0-beta.38"

"@babel/plugin-transform-react-display-name@7.0.0-beta.38":
  version "7.0.0-beta.38"
  resolved "https://registry.npmjs.org/@babel/plugin-transform-react-display-name/-/plugin-transform-react-display-name-7.0.0-beta.38.tgz#95b406c30fd6569f90e15003b2b9296c38d0b77e"

"@babel/plugin-transform-react-jsx-self@7.0.0-beta.38":
  version "7.0.0-beta.38"
  resolved "https://registry.npmjs.org/@babel/plugin-transform-react-jsx-self/-/plugin-transform-react-jsx-self-7.0.0-beta.38.tgz#1cd41178d16373a64280de0d62355c96e8fbe6af"
  dependencies:
    "@babel/plugin-syntax-jsx" "7.0.0-beta.38"

"@babel/plugin-transform-react-jsx-source@7.0.0-beta.38", "@babel/plugin-transform-react-jsx-source@^7.0.0-beta.37":
  version "7.0.0-beta.38"
  resolved "https://registry.npmjs.org/@babel/plugin-transform-react-jsx-source/-/plugin-transform-react-jsx-source-7.0.0-beta.38.tgz#05e4420dc2b6368f22ce83b29fb86a08ad22fadf"
  dependencies:
    "@babel/plugin-syntax-jsx" "7.0.0-beta.38"

"@babel/plugin-transform-react-jsx@7.0.0-beta.38":
  version "7.0.0-beta.38"
  resolved "https://registry.npmjs.org/@babel/plugin-transform-react-jsx/-/plugin-transform-react-jsx-7.0.0-beta.38.tgz#6abd97c2dde5a007f0fba77d4c4bd7b2a68e7316"
  dependencies:
    "@babel/helper-builder-react-jsx" "7.0.0-beta.38"
    "@babel/plugin-syntax-jsx" "7.0.0-beta.38"

"@babel/plugin-transform-regenerator@7.0.0-beta.38":
  version "7.0.0-beta.38"
  resolved "https://registry.npmjs.org/@babel/plugin-transform-regenerator/-/plugin-transform-regenerator-7.0.0-beta.38.tgz#b013fcd4956302c8c5d44e50829fa764f6abcfed"
  dependencies:
    regenerator-transform "^0.12.3"

"@babel/plugin-transform-runtime@^7.0.0-beta.37":
  version "7.0.0-beta.38"
  resolved "https://registry.npmjs.org/@babel/plugin-transform-runtime/-/plugin-transform-runtime-7.0.0-beta.38.tgz#bce66005148d62fe946eb6cbf7b473dac5a8c6da"
  dependencies:
    "@babel/helper-module-imports" "7.0.0-beta.38"

"@babel/plugin-transform-shorthand-properties@7.0.0-beta.38":
  version "7.0.0-beta.38"
  resolved "https://registry.npmjs.org/@babel/plugin-transform-shorthand-properties/-/plugin-transform-shorthand-properties-7.0.0-beta.38.tgz#e3c6a266632aa4e474b800531b6d26366ff22e7b"

"@babel/plugin-transform-spread@7.0.0-beta.38":
  version "7.0.0-beta.38"
  resolved "https://registry.npmjs.org/@babel/plugin-transform-spread/-/plugin-transform-spread-7.0.0-beta.38.tgz#1a6e325b224a96d149fa83409b0a5daa3e33e868"

"@babel/plugin-transform-sticky-regex@7.0.0-beta.38":
  version "7.0.0-beta.38"
  resolved "https://registry.npmjs.org/@babel/plugin-transform-sticky-regex/-/plugin-transform-sticky-regex-7.0.0-beta.38.tgz#204a8c423948c195d164dcbe3b7adf9a8e1e0989"
  dependencies:
    "@babel/helper-regex" "7.0.0-beta.38"

"@babel/plugin-transform-template-literals@7.0.0-beta.38":
  version "7.0.0-beta.38"
  resolved "https://registry.npmjs.org/@babel/plugin-transform-template-literals/-/plugin-transform-template-literals-7.0.0-beta.38.tgz#315fffe63c0c276a831a3362e4a79acd91f1f3d5"
  dependencies:
    "@babel/helper-annotate-as-pure" "7.0.0-beta.38"

"@babel/plugin-transform-typeof-symbol@7.0.0-beta.38":
  version "7.0.0-beta.38"
  resolved "https://registry.npmjs.org/@babel/plugin-transform-typeof-symbol/-/plugin-transform-typeof-symbol-7.0.0-beta.38.tgz#f390a9c6c79c36cf7bf2c9f818ffd52c05a92a59"

"@babel/plugin-transform-unicode-regex@7.0.0-beta.38":
  version "7.0.0-beta.38"
  resolved "https://registry.npmjs.org/@babel/plugin-transform-unicode-regex/-/plugin-transform-unicode-regex-7.0.0-beta.38.tgz#304f7cb14bb09dcf7ecd66ec2db780c209d4aeec"
  dependencies:
    "@babel/helper-regex" "7.0.0-beta.38"
    regexpu-core "^4.1.3"

"@babel/preset-env@^7.0.0-beta.37":
  version "7.0.0-beta.38"
  resolved "https://registry.npmjs.org/@babel/preset-env/-/preset-env-7.0.0-beta.38.tgz#1e32c91db82b0d0746a9bb34c9418ff2ca829bae"
  dependencies:
    "@babel/plugin-check-constants" "7.0.0-beta.38"
    "@babel/plugin-proposal-async-generator-functions" "7.0.0-beta.38"
    "@babel/plugin-proposal-object-rest-spread" "7.0.0-beta.38"
    "@babel/plugin-proposal-optional-catch-binding" "7.0.0-beta.38"
    "@babel/plugin-proposal-unicode-property-regex" "7.0.0-beta.38"
    "@babel/plugin-syntax-async-generators" "7.0.0-beta.38"
    "@babel/plugin-syntax-object-rest-spread" "7.0.0-beta.38"
    "@babel/plugin-syntax-optional-catch-binding" "7.0.0-beta.38"
    "@babel/plugin-transform-arrow-functions" "7.0.0-beta.38"
    "@babel/plugin-transform-async-to-generator" "7.0.0-beta.38"
    "@babel/plugin-transform-block-scoped-functions" "7.0.0-beta.38"
    "@babel/plugin-transform-block-scoping" "7.0.0-beta.38"
    "@babel/plugin-transform-classes" "7.0.0-beta.38"
    "@babel/plugin-transform-computed-properties" "7.0.0-beta.38"
    "@babel/plugin-transform-destructuring" "7.0.0-beta.38"
    "@babel/plugin-transform-dotall-regex" "7.0.0-beta.38"
    "@babel/plugin-transform-duplicate-keys" "7.0.0-beta.38"
    "@babel/plugin-transform-exponentiation-operator" "7.0.0-beta.38"
    "@babel/plugin-transform-for-of" "7.0.0-beta.38"
    "@babel/plugin-transform-function-name" "7.0.0-beta.38"
    "@babel/plugin-transform-literals" "7.0.0-beta.38"
    "@babel/plugin-transform-modules-amd" "7.0.0-beta.38"
    "@babel/plugin-transform-modules-commonjs" "7.0.0-beta.38"
    "@babel/plugin-transform-modules-systemjs" "7.0.0-beta.38"
    "@babel/plugin-transform-modules-umd" "7.0.0-beta.38"
    "@babel/plugin-transform-new-target" "7.0.0-beta.38"
    "@babel/plugin-transform-object-super" "7.0.0-beta.38"
    "@babel/plugin-transform-parameters" "7.0.0-beta.38"
    "@babel/plugin-transform-regenerator" "7.0.0-beta.38"
    "@babel/plugin-transform-shorthand-properties" "7.0.0-beta.38"
    "@babel/plugin-transform-spread" "7.0.0-beta.38"
    "@babel/plugin-transform-sticky-regex" "7.0.0-beta.38"
    "@babel/plugin-transform-template-literals" "7.0.0-beta.38"
    "@babel/plugin-transform-typeof-symbol" "7.0.0-beta.38"
    "@babel/plugin-transform-unicode-regex" "7.0.0-beta.38"
    browserslist "^2.4.0"
    invariant "^2.2.2"
    semver "^5.3.0"

"@babel/preset-react@^7.0.0-beta.37":
  version "7.0.0-beta.38"
  resolved "https://registry.npmjs.org/@babel/preset-react/-/preset-react-7.0.0-beta.38.tgz#eb42433a72314f14f28be7fe2b092c9a9a3294cb"
  dependencies:
    "@babel/plugin-syntax-jsx" "7.0.0-beta.38"
    "@babel/plugin-transform-react-display-name" "7.0.0-beta.38"
    "@babel/plugin-transform-react-jsx" "7.0.0-beta.38"
    "@babel/plugin-transform-react-jsx-self" "7.0.0-beta.38"
    "@babel/plugin-transform-react-jsx-source" "7.0.0-beta.38"

"@babel/template@7.0.0-beta.38":
  version "7.0.0-beta.38"
  resolved "https://registry.npmjs.org/@babel/template/-/template-7.0.0-beta.38.tgz#8a2d403a01da320beb8333dc6403500fa79e8597"
  dependencies:
    "@babel/code-frame" "7.0.0-beta.38"
    "@babel/types" "7.0.0-beta.38"
    babylon "7.0.0-beta.38"
    lodash "^4.2.0"

"@babel/traverse@7.0.0-beta.38":
  version "7.0.0-beta.38"
  resolved "https://registry.npmjs.org/@babel/traverse/-/traverse-7.0.0-beta.38.tgz#56462b91753dd5c6faf36e56a77c64077ddb85b8"
  dependencies:
    "@babel/code-frame" "7.0.0-beta.38"
    "@babel/generator" "7.0.0-beta.38"
    "@babel/helper-function-name" "7.0.0-beta.38"
    "@babel/types" "7.0.0-beta.38"
    babylon "7.0.0-beta.38"
    debug "^3.0.1"
    globals "^11.1.0"
    invariant "^2.2.0"
    lodash "^4.2.0"

"@babel/types@7.0.0-beta.38":
  version "7.0.0-beta.38"
  resolved "https://registry.npmjs.org/@babel/types/-/types-7.0.0-beta.38.tgz#2ce2443f7dc6ad535a67db4940cbd34e64035a6f"
  dependencies:
    esutils "^2.0.2"
    lodash "^4.2.0"
    to-fast-properties "^2.0.0"

ansi-styles@^3.1.0:
  version "3.2.0"
  resolved "https://registry.npmjs.org/ansi-styles/-/ansi-styles-3.2.0.tgz#c159b8d5be0f9e5a6f346dab94f16ce022161b88"
  dependencies:
    color-convert "^1.9.0"

arr-diff@^2.0.0:
  version "2.0.0"
  resolved "https://registry.npmjs.org/arr-diff/-/arr-diff-2.0.0.tgz#8f3b827f955a8bd669697e4a4256ac3ceae356cf"
  dependencies:
    arr-flatten "^1.0.1"

arr-flatten@^1.0.1:
  version "1.1.0"
  resolved "https://registry.npmjs.org/arr-flatten/-/arr-flatten-1.1.0.tgz#36048bbff4e7b47e136644316c99669ea5ae91f1"

array-unique@^0.2.1:
  version "0.2.1"
  resolved "https://registry.npmjs.org/array-unique/-/array-unique-0.2.1.tgz#a1d97ccafcbc2625cc70fadceb36a50c58b01a53"

babel-core@7.0.0-bridge.0:
  version "7.0.0-bridge.0"
  resolved "https://registry.npmjs.org/babel-core/-/babel-core-7.0.0-bridge.0.tgz#95a492ddd90f9b4e9a4a1da14eb335b87b634ece"

babel-plugin-dynamic-import-node@^1.2.0:
  version "1.2.0"
  resolved "https://registry.npmjs.org/babel-plugin-dynamic-import-node/-/babel-plugin-dynamic-import-node-1.2.0.tgz#f91631e703e0595e47d4beafbb088576c87fbeee"
  dependencies:
    babel-plugin-syntax-dynamic-import "^6.18.0"

babel-plugin-syntax-dynamic-import@^6.18.0:
  version "6.18.0"
  resolved "https://registry.npmjs.org/babel-plugin-syntax-dynamic-import/-/babel-plugin-syntax-dynamic-import-6.18.0.tgz#8d6a26229c83745a9982a441051572caa179b1da"

babel-plugin-transform-react-remove-prop-types@^0.4.12:
  version "0.4.12"
  resolved "https://registry.npmjs.org/babel-plugin-transform-react-remove-prop-types/-/babel-plugin-transform-react-remove-prop-types-0.4.12.tgz#a382c27c42d6580748c80caf8c3d5091edbb60b8"

babylon@7.0.0-beta.38:
  version "7.0.0-beta.38"
  resolved "https://registry.npmjs.org/babylon/-/babylon-7.0.0-beta.38.tgz#9b3a33e571a47464a2d20cb9dd5a570f00e3f996"

braces@^1.8.2:
  version "1.8.5"
  resolved "https://registry.npmjs.org/braces/-/braces-1.8.5.tgz#ba77962e12dff969d6b76711e914b737857bf6a7"
  dependencies:
    expand-range "^1.8.1"
    preserve "^0.2.0"
    repeat-element "^1.1.2"

browserslist@^2.4.0:
  version "2.11.3"
  resolved "https://registry.npmjs.org/browserslist/-/browserslist-2.11.3.tgz#fe36167aed1bbcde4827ebfe71347a2cc70b99b2"
  dependencies:
    caniuse-lite "^1.0.30000792"
    electron-to-chromium "^1.3.30"

caniuse-lite@^1.0.30000792:
  version "1.0.30000792"
  resolved "https://registry.npmjs.org/caniuse-lite/-/caniuse-lite-1.0.30000792.tgz#d0cea981f8118f3961471afbb43c9a1e5bbf0332"

chalk@^2.0.0:
  version "2.3.0"
  resolved "https://registry.npmjs.org/chalk/-/chalk-2.3.0.tgz#b5ea48efc9c1793dccc9b4767c93914d3f2d52ba"
  dependencies:
    ansi-styles "^3.1.0"
    escape-string-regexp "^1.0.5"
    supports-color "^4.0.0"

color-convert@^1.9.0:
  version "1.9.1"
  resolved "https://registry.npmjs.org/color-convert/-/color-convert-1.9.1.tgz#c1261107aeb2f294ebffec9ed9ecad529a6097ed"
  dependencies:
    color-name "^1.1.1"

color-name@^1.1.1:
  version "1.1.3"
  resolved "https://registry.npmjs.org/color-name/-/color-name-1.1.3.tgz#a7d0558bd89c42f795dd42328f740831ca53bc25"

convert-source-map@^1.1.0:
  version "1.5.1"
  resolved "https://registry.npmjs.org/convert-source-map/-/convert-source-map-1.5.1.tgz#b8278097b9bc229365de5c62cf5fcaed8b5599e5"

debug@^3.0.1:
  version "3.1.0"
  resolved "https://registry.npmjs.org/debug/-/debug-3.1.0.tgz#5bb5a0672628b64149566ba16819e61518c67261"
  dependencies:
    ms "2.0.0"

electron-to-chromium@^1.3.30:
  version "1.3.31"
  resolved "https://registry.npmjs.org/electron-to-chromium/-/electron-to-chromium-1.3.31.tgz#00d832cba9fe2358652b0c48a8816c8e3a037e9f"

escape-string-regexp@^1.0.5:
  version "1.0.5"
  resolved "https://registry.npmjs.org/escape-string-regexp/-/escape-string-regexp-1.0.5.tgz#1b61c0562190a8dff6ae3bb2cf0200ca130b86d4"

esutils@^2.0.0, esutils@^2.0.2:
  version "2.0.2"
  resolved "https://registry.npmjs.org/esutils/-/esutils-2.0.2.tgz#0abf4f1caa5bcb1f7a9d8acc6dea4faaa04bac9b"

expand-brackets@^0.1.4:
  version "0.1.5"
  resolved "https://registry.npmjs.org/expand-brackets/-/expand-brackets-0.1.5.tgz#df07284e342a807cd733ac5af72411e581d1177b"
  dependencies:
    is-posix-bracket "^0.1.0"

expand-range@^1.8.1:
  version "1.8.2"
  resolved "https://registry.npmjs.org/expand-range/-/expand-range-1.8.2.tgz#a299effd335fe2721ebae8e257ec79644fc85337"
  dependencies:
    fill-range "^2.1.0"

extglob@^0.3.1:
  version "0.3.2"
  resolved "https://registry.npmjs.org/extglob/-/extglob-0.3.2.tgz#2e18ff3d2f49ab2765cec9023f011daa8d8349a1"
  dependencies:
    is-extglob "^1.0.0"

filename-regex@^2.0.0:
  version "2.0.1"
  resolved "https://registry.npmjs.org/filename-regex/-/filename-regex-2.0.1.tgz#c1c4b9bee3e09725ddb106b75c1e301fe2f18b26"

fill-range@^2.1.0:
  version "2.2.3"
  resolved "https://registry.npmjs.org/fill-range/-/fill-range-2.2.3.tgz#50b77dfd7e469bc7492470963699fe7a8485a723"
  dependencies:
    is-number "^2.1.0"
    isobject "^2.0.0"
    randomatic "^1.1.3"
    repeat-element "^1.1.2"
    repeat-string "^1.5.2"

for-in@^1.0.1:
  version "1.0.2"
  resolved "https://registry.npmjs.org/for-in/-/for-in-1.0.2.tgz#81068d295a8142ec0ac726c6e2200c30fb6d5e80"

for-own@^0.1.4:
  version "0.1.5"
  resolved "https://registry.npmjs.org/for-own/-/for-own-0.1.5.tgz#5265c681a4f294dabbf17c9509b6763aa84510ce"
  dependencies:
    for-in "^1.0.1"

glob-base@^0.3.0:
  version "0.3.0"
  resolved "https://registry.npmjs.org/glob-base/-/glob-base-0.3.0.tgz#dbb164f6221b1c0b1ccf82aea328b497df0ea3c4"
  dependencies:
    glob-parent "^2.0.0"
    is-glob "^2.0.0"

glob-parent@^2.0.0:
  version "2.0.0"
  resolved "https://registry.npmjs.org/glob-parent/-/glob-parent-2.0.0.tgz#81383d72db054fcccf5336daa902f182f6edbb28"
  dependencies:
    is-glob "^2.0.0"

globals@^11.1.0:
  version "11.1.0"
  resolved "https://registry.npmjs.org/globals/-/globals-11.1.0.tgz#632644457f5f0e3ae711807183700ebf2e4633e4"

has-flag@^2.0.0:
  version "2.0.0"
  resolved "https://registry.npmjs.org/has-flag/-/has-flag-2.0.0.tgz#e8207af1cc7b30d446cc70b734b5e8be18f88d51"

invariant@^2.2.0, invariant@^2.2.2:
  version "2.2.2"
  resolved "https://registry.npmjs.org/invariant/-/invariant-2.2.2.tgz#9e1f56ac0acdb6bf303306f338be3b204ae60360"
  dependencies:
    loose-envify "^1.0.0"

is-buffer@^1.1.5:
  version "1.1.6"
  resolved "https://registry.npmjs.org/is-buffer/-/is-buffer-1.1.6.tgz#efaa2ea9daa0d7ab2ea13a97b2b8ad51fefbe8be"

is-dotfile@^1.0.0:
  version "1.0.3"
  resolved "https://registry.npmjs.org/is-dotfile/-/is-dotfile-1.0.3.tgz#a6a2f32ffd2dfb04f5ca25ecd0f6b83cf798a1e1"

is-equal-shallow@^0.1.3:
  version "0.1.3"
  resolved "https://registry.npmjs.org/is-equal-shallow/-/is-equal-shallow-0.1.3.tgz#2238098fc221de0bcfa5d9eac4c45d638aa1c534"
  dependencies:
    is-primitive "^2.0.0"

is-extendable@^0.1.1:
  version "0.1.1"
  resolved "https://registry.npmjs.org/is-extendable/-/is-extendable-0.1.1.tgz#62b110e289a471418e3ec36a617d472e301dfc89"

is-extglob@^1.0.0:
  version "1.0.0"
  resolved "https://registry.npmjs.org/is-extglob/-/is-extglob-1.0.0.tgz#ac468177c4943405a092fc8f29760c6ffc6206c0"

is-glob@^2.0.0, is-glob@^2.0.1:
  version "2.0.1"
  resolved "https://registry.npmjs.org/is-glob/-/is-glob-2.0.1.tgz#d096f926a3ded5600f3fdfd91198cb0888c2d863"
  dependencies:
    is-extglob "^1.0.0"

is-number@^2.1.0:
  version "2.1.0"
  resolved "https://registry.npmjs.org/is-number/-/is-number-2.1.0.tgz#01fcbbb393463a548f2f466cce16dece49db908f"
  dependencies:
    kind-of "^3.0.2"

is-number@^3.0.0:
  version "3.0.0"
  resolved "https://registry.npmjs.org/is-number/-/is-number-3.0.0.tgz#24fd6201a4782cf50561c810276afc7d12d71195"
  dependencies:
    kind-of "^3.0.2"

is-posix-bracket@^0.1.0:
  version "0.1.1"
  resolved "https://registry.npmjs.org/is-posix-bracket/-/is-posix-bracket-0.1.1.tgz#3334dc79774368e92f016e6fbc0a88f5cd6e6bc4"

is-primitive@^2.0.0:
  version "2.0.0"
  resolved "https://registry.npmjs.org/is-primitive/-/is-primitive-2.0.0.tgz#207bab91638499c07b2adf240a41a87210034575"

isarray@1.0.0:
  version "1.0.0"
  resolved "https://registry.npmjs.org/isarray/-/isarray-1.0.0.tgz#bb935d48582cba168c06834957a54a3e07124f11"

isobject@^2.0.0:
  version "2.1.0"
  resolved "https://registry.npmjs.org/isobject/-/isobject-2.1.0.tgz#f065561096a3f1da2ef46272f815c840d87e0c89"
  dependencies:
    isarray "1.0.0"

js-tokens@^3.0.0:
  version "3.0.2"
  resolved "https://registry.npmjs.org/js-tokens/-/js-tokens-3.0.2.tgz#9866df395102130e38f7f996bceb65443209c25b"

jsesc@^2.5.1:
  version "2.5.1"
  resolved "https://registry.npmjs.org/jsesc/-/jsesc-2.5.1.tgz#e421a2a8e20d6b0819df28908f782526b96dd1fe"

jsesc@~0.5.0:
  version "0.5.0"
  resolved "https://registry.npmjs.org/jsesc/-/jsesc-0.5.0.tgz#e7dee66e35d6fc16f710fe91d5cf69f70f08911d"

json5@^0.5.0:
  version "0.5.1"
  resolved "https://registry.npmjs.org/json5/-/json5-0.5.1.tgz#1eade7acc012034ad84e2396767ead9fa5495821"

kind-of@^3.0.2:
  version "3.2.2"
  resolved "https://registry.npmjs.org/kind-of/-/kind-of-3.2.2.tgz#31ea21a734bab9bbb0f32466d893aea51e4a3c64"
  dependencies:
    is-buffer "^1.1.5"

kind-of@^4.0.0:
  version "4.0.0"
  resolved "https://registry.npmjs.org/kind-of/-/kind-of-4.0.0.tgz#20813df3d712928b207378691a45066fae72dd57"
  dependencies:
    is-buffer "^1.1.5"

lodash@^4.2.0:
  version "4.17.4"
  resolved "https://registry.npmjs.org/lodash/-/lodash-4.17.4.tgz#78203a4d1c328ae1d86dca6460e369b57f4055ae"

loose-envify@^1.0.0:
  version "1.3.1"
  resolved "https://registry.npmjs.org/loose-envify/-/loose-envify-1.3.1.tgz#d1a8ad33fa9ce0e713d65fdd0ac8b748d478c848"
  dependencies:
    js-tokens "^3.0.0"

micromatch@^2.3.11:
  version "2.3.11"
  resolved "https://registry.npmjs.org/micromatch/-/micromatch-2.3.11.tgz#86677c97d1720b363431d04d0d15293bd38c1565"
  dependencies:
    arr-diff "^2.0.0"
    array-unique "^0.2.1"
    braces "^1.8.2"
    expand-brackets "^0.1.4"
    extglob "^0.3.1"
    filename-regex "^2.0.0"
    is-extglob "^1.0.0"
    is-glob "^2.0.1"
    kind-of "^3.0.2"
    normalize-path "^2.0.1"
    object.omit "^2.0.0"
    parse-glob "^3.0.4"
    regex-cache "^0.4.2"

ms@2.0.0:
  version "2.0.0"
  resolved "https://registry.npmjs.org/ms/-/ms-2.0.0.tgz#5608aeadfc00be6c2901df5f9861788de0d597c8"

normalize-path@^2.0.1:
  version "2.1.1"
  resolved "https://registry.npmjs.org/normalize-path/-/normalize-path-2.1.1.tgz#1ab28b556e198363a8c1a6f7e6fa20137fe6aed9"
  dependencies:
    remove-trailing-separator "^1.0.1"

object.omit@^2.0.0:
  version "2.0.1"
  resolved "https://registry.npmjs.org/object.omit/-/object.omit-2.0.1.tgz#1a9c744829f39dbb858c76ca3579ae2a54ebd1fa"
  dependencies:
    for-own "^0.1.4"
    is-extendable "^0.1.1"

parse-glob@^3.0.4:
  version "3.0.4"
  resolved "https://registry.npmjs.org/parse-glob/-/parse-glob-3.0.4.tgz#b2c376cfb11f35513badd173ef0bb6e3a388391c"
  dependencies:
    glob-base "^0.3.0"
    is-dotfile "^1.0.0"
    is-extglob "^1.0.0"
    is-glob "^2.0.0"

path-parse@^1.0.5:
  version "1.0.5"
  resolved "https://registry.npmjs.org/path-parse/-/path-parse-1.0.5.tgz#3c1adf871ea9cd6c9431b6ea2bd74a0ff055c4c1"

preserve@^0.2.0:
  version "0.2.0"
  resolved "https://registry.npmjs.org/preserve/-/preserve-0.2.0.tgz#815ed1f6ebc65926f865b310c0713bcb3315ce4b"

private@^0.1.6:
  version "0.1.8"
  resolved "https://registry.npmjs.org/private/-/private-0.1.8.tgz#2381edb3689f7a53d653190060fcf822d2f368ff"

randomatic@^1.1.3:
  version "1.1.7"
  resolved "https://registry.npmjs.org/randomatic/-/randomatic-1.1.7.tgz#c7abe9cc8b87c0baa876b19fde83fd464797e38c"
  dependencies:
    is-number "^3.0.0"
    kind-of "^4.0.0"

regenerate-unicode-properties@^5.1.1:
  version "5.1.3"
  resolved "https://registry.npmjs.org/regenerate-unicode-properties/-/regenerate-unicode-properties-5.1.3.tgz#54f5891543468f36f2274b67c6bc4c033c27b308"
  dependencies:
    regenerate "^1.3.3"

regenerate@^1.3.3:
  version "1.3.3"
  resolved "https://registry.npmjs.org/regenerate/-/regenerate-1.3.3.tgz#0c336d3980553d755c39b586ae3b20aa49c82b7f"

regenerator-transform@^0.12.3:
  version "0.12.3"
  resolved "https://registry.npmjs.org/regenerator-transform/-/regenerator-transform-0.12.3.tgz#459adfb64f6a27164ab991b7873f45ab969eca8b"
  dependencies:
    private "^0.1.6"

regex-cache@^0.4.2:
  version "0.4.4"
  resolved "https://registry.npmjs.org/regex-cache/-/regex-cache-0.4.4.tgz#75bdc58a2a1496cec48a12835bc54c8d562336dd"
  dependencies:
    is-equal-shallow "^0.1.3"

regexpu-core@^4.1.3:
  version "4.1.3"
  resolved "https://registry.npmjs.org/regexpu-core/-/regexpu-core-4.1.3.tgz#fb81616dbbc2a917a7419b33f8379144f51eb8d0"
  dependencies:
    regenerate "^1.3.3"
    regenerate-unicode-properties "^5.1.1"
    regjsgen "^0.3.0"
    regjsparser "^0.2.1"
    unicode-match-property-ecmascript "^1.0.3"
    unicode-match-property-value-ecmascript "^1.0.1"

regjsgen@^0.3.0:
  version "0.3.0"
  resolved "https://registry.npmjs.org/regjsgen/-/regjsgen-0.3.0.tgz#0ee4a3e9276430cda25f1e789ea6c15b87b0cb43"

regjsparser@^0.2.1:
  version "0.2.1"
  resolved "https://registry.npmjs.org/regjsparser/-/regjsparser-0.2.1.tgz#c3787553faf04e775c302102ef346d995000ec1c"
  dependencies:
    jsesc "~0.5.0"

remove-trailing-separator@^1.0.1:
  version "1.1.0"
  resolved "https://registry.npmjs.org/remove-trailing-separator/-/remove-trailing-separator-1.1.0.tgz#c24bce2a283adad5bc3f58e0d48249b92379d8ef"

repeat-element@^1.1.2:
  version "1.1.2"
  resolved "https://registry.npmjs.org/repeat-element/-/repeat-element-1.1.2.tgz#ef089a178d1483baae4d93eb98b4f9e4e11d990a"

repeat-string@^1.5.2:
  version "1.6.1"
  resolved "https://registry.npmjs.org/repeat-string/-/repeat-string-1.6.1.tgz#8dcae470e1c88abc2d600fff4a776286da75e637"

resolve@^1.3.2:
  version "1.5.0"
  resolved "https://registry.npmjs.org/resolve/-/resolve-1.5.0.tgz#1f09acce796c9a762579f31b2c1cc4c3cddf9f36"
  dependencies:
    path-parse "^1.0.5"

semver@^5.3.0:
  version "5.5.0"
  resolved "https://registry.npmjs.org/semver/-/semver-5.5.0.tgz#dc4bbc7a6ca9d916dee5d43516f0092b58f7b8ab"

source-map@^0.5.0:
  version "0.5.7"
  resolved "https://registry.npmjs.org/source-map/-/source-map-0.5.7.tgz#8a039d2d1021d22d1ea14c80d8ea468ba2ef3fcc"

supports-color@^4.0.0:
  version "4.5.0"
  resolved "https://registry.npmjs.org/supports-color/-/supports-color-4.5.0.tgz#be7a0de484dec5c5cddf8b3d59125044912f635b"
  dependencies:
    has-flag "^2.0.0"

to-fast-properties@^2.0.0:
  version "2.0.0"
  resolved "https://registry.npmjs.org/to-fast-properties/-/to-fast-properties-2.0.0.tgz#dc5e698cbd079265bc73e0377681a4e4e83f616e"

trim-right@^1.0.1:
  version "1.0.1"
  resolved "https://registry.npmjs.org/trim-right/-/trim-right-1.0.1.tgz#cb2e1203067e0c8de1f614094b9fe45704ea6003"

unicode-canonical-property-names-ecmascript@^1.0.2:
  version "1.0.3"
  resolved "https://registry.npmjs.org/unicode-canonical-property-names-ecmascript/-/unicode-canonical-property-names-ecmascript-1.0.3.tgz#f6119f417467593c0086357c85546b6ad5abc583"

unicode-match-property-ecmascript@^1.0.3:
  version "1.0.3"
  resolved "https://registry.npmjs.org/unicode-match-property-ecmascript/-/unicode-match-property-ecmascript-1.0.3.tgz#db9b1cb4ffc67e0c5583780b1b59370e4cbe97b9"
  dependencies:
    unicode-canonical-property-names-ecmascript "^1.0.2"
    unicode-property-aliases-ecmascript "^1.0.3"

unicode-match-property-value-ecmascript@^1.0.1:
  version "1.0.1"
  resolved "https://registry.npmjs.org/unicode-match-property-value-ecmascript/-/unicode-match-property-value-ecmascript-1.0.1.tgz#fea059120a016f403afd3bf586162b4db03e0604"

unicode-property-aliases-ecmascript@^1.0.3:
  version "1.0.3"
  resolved "https://registry.npmjs.org/unicode-property-aliases-ecmascript/-/unicode-property-aliases-ecmascript-1.0.3.tgz#ac3522583b9e630580f916635333e00c5ead690d"
